// !$*UTF8*$!
{
	archiveVersion = 1;
	classes = {
	};
	objectVersion = 56;
	objects = {

/* Begin PBXBuildFile section */
		3A196018295E4B1600CB283B /* WeeklyChallenges2023App.swift in Sources */ = {isa = PBXBuildFile; fileRef = 3A196017295E4B1600CB283B /* WeeklyChallenges2023App.swift */; };
		3A19601A295E4B1700CB283B /* ContentView.swift in Sources */ = {isa = PBXBuildFile; fileRef = 3A196019295E4B1700CB283B /* ContentView.swift */; };
		3A19601C295E4B1900CB283B /* Assets.xcassets in Resources */ = {isa = PBXBuildFile; fileRef = 3A19601B295E4B1900CB283B /* Assets.xcassets */; };
		3A19601F295E4B1900CB283B /* Preview Assets.xcassets in Resources */ = {isa = PBXBuildFile; fileRef = 3A19601E295E4B1900CB283B /* Preview Assets.xcassets */; };
		3A196028295E50AB00CB283B /* FizzBuzzView.swift in Sources */ = {isa = PBXBuildFile; fileRef = 3A196027295E50AB00CB283B /* FizzBuzzView.swift */; };
		3A4BF939296A39B6000C17EA /* L33tAlphabets.swift in Sources */ = {isa = PBXBuildFile; fileRef = 3A4BF938296A39B6000C17EA /* L33tAlphabets.swift */; };
		3A4BF93B296A39DF000C17EA /* L33tStringExtensions.swift in Sources */ = {isa = PBXBuildFile; fileRef = 3A4BF93A296A39DF000C17EA /* L33tStringExtensions.swift */; };
		3A4BF93D296A3A06000C17EA /* L33tView.swift in Sources */ = {isa = PBXBuildFile; fileRef = 3A4BF93C296A3A06000C17EA /* L33tView.swift */; };
		7B0CCE872CF5347B00547FF0 /* ExcelColumnViewModel.swift in Sources */ = {isa = PBXBuildFile; fileRef = 7B0CCE862CF5347B00547FF0 /* ExcelColumnViewModel.swift */; };
		7B0CCE892CF5387200547FF0 /* ExcelColumnViewModelTests.swift in Sources */ = {isa = PBXBuildFile; fileRef = 7B0CCE882CF5387200547FF0 /* ExcelColumnViewModelTests.swift */; };
		7B0CCE8B2CF543A200547FF0 /* ExcelColumnView.swift in Sources */ = {isa = PBXBuildFile; fileRef = 7B0CCE8A2CF543A200547FF0 /* ExcelColumnView.swift */; };
		7B11387F2D136C9000AE0BA9 /* AdventCalendarViewModel.swift in Sources */ = {isa = PBXBuildFile; fileRef = 7B11387E2D136C9000AE0BA9 /* AdventCalendarViewModel.swift */; };
		7B1138812D136E9300AE0BA9 /* AdventCalendarViewModelTests.swift in Sources */ = {isa = PBXBuildFile; fileRef = 7B1138802D136E9300AE0BA9 /* AdventCalendarViewModelTests.swift */; };
		7B1138832D13751200AE0BA9 /* AdventCalendarView.swift in Sources */ = {isa = PBXBuildFile; fileRef = 7B1138822D13751200AE0BA9 /* AdventCalendarView.swift */; };
		7B1138862D137C8E00AE0BA9 /* HundredPointWordViewModel.swift in Sources */ = {isa = PBXBuildFile; fileRef = 7B1138852D137C8E00AE0BA9 /* HundredPointWordViewModel.swift */; };
		7B1138882D13B87100AE0BA9 /* HundredPointWordViewModelTests.swift in Sources */ = {isa = PBXBuildFile; fileRef = 7B1138872D13B87100AE0BA9 /* HundredPointWordViewModelTests.swift */; };
		7B11388A2D13BB6D00AE0BA9 /* HundredPointWordView.swift in Sources */ = {isa = PBXBuildFile; fileRef = 7B1138892D13BB6D00AE0BA9 /* HundredPointWordView.swift */; };
		7B2B71832D244CD9004550FD /* MeetingPointViewModel.swift in Sources */ = {isa = PBXBuildFile; fileRef = 7B2B71822D244CD3004550FD /* MeetingPointViewModel.swift */; };
		7B2B71852D244D0A004550FD /* MeetingPointViewModelTests.swift in Sources */ = {isa = PBXBuildFile; fileRef = 7B2B71842D244D0A004550FD /* MeetingPointViewModelTests.swift */; };
		7B2B71882D2735EE004550FD /* MeetingPointView.swift in Sources */ = {isa = PBXBuildFile; fileRef = 7B2B71872D2735EE004550FD /* MeetingPointView.swift */; };
		7B5CB0A62D1F629100EB4328 /* RacingCarsViewModel.swift in Sources */ = {isa = PBXBuildFile; fileRef = 7B5CB0A52D1F628900EB4328 /* RacingCarsViewModel.swift */; };
		7B5CB0A82D1F686900EB4328 /* RacingCarsViewModelTests.swift in Sources */ = {isa = PBXBuildFile; fileRef = 7B5CB0A72D1F686900EB4328 /* RacingCarsViewModelTests.swift */; };
		7B5CB0AA2D1F75C900EB4328 /* RacingCarView.swift in Sources */ = {isa = PBXBuildFile; fileRef = 7B5CB0A92D1F75C800EB4328 /* RacingCarView.swift */; };
		7B7614132D08CB2200C1F610 /* ColorsViewModel.swift in Sources */ = {isa = PBXBuildFile; fileRef = 7B7614122D08CB2200C1F610 /* ColorsViewModel.swift */; };
		7B7614152D08D1E800C1F610 /* ColorsViewModelTests.swift in Sources */ = {isa = PBXBuildFile; fileRef = 7B7614142D08D1E800C1F610 /* ColorsViewModelTests.swift */; };
		7B7614172D08DA8100C1F610 /* ColorsView.swift in Sources */ = {isa = PBXBuildFile; fileRef = 7B7614162D08DA8100C1F610 /* ColorsView.swift */; };
		7B76141A2D08E2C000C1F610 /* AddsViewModel.swift in Sources */ = {isa = PBXBuildFile; fileRef = 7B7614192D08E2C000C1F610 /* AddsViewModel.swift */; };
		7B76141C2D0C942D00C1F610 /* AddsViewModelTests.swift in Sources */ = {isa = PBXBuildFile; fileRef = 7B76141B2D0C942D00C1F610 /* AddsViewModelTests.swift */; };
		7BB035FA2CEE911B0009A40E /* AbacusViewModel.swift in Sources */ = {isa = PBXBuildFile; fileRef = 7BB035F92CEE911B0009A40E /* AbacusViewModel.swift */; };
		7BDF06AF2D000825002A720F /* TetrisView.swift in Sources */ = {isa = PBXBuildFile; fileRef = 7BDF06AE2D000825002A720F /* TetrisView.swift */; };
		7BF830562D07ADFB00310514 /* FirstStepsView.swift in Sources */ = {isa = PBXBuildFile; fileRef = 7BF830552D07ADFB00310514 /* FirstStepsView.swift */; };
		9B04350E2A02F140007D1303 /* GitCommitsViewModel.swift in Sources */ = {isa = PBXBuildFile; fileRef = 9B04350D2A02F140007D1303 /* GitCommitsViewModel.swift */; };
		9B0C68B62A29870700BD4608 /* PrimeTwinsNumberView.swift in Sources */ = {isa = PBXBuildFile; fileRef = 9B0C68B52A29870700BD4608 /* PrimeTwinsNumberView.swift */; };
		9B0C68B82A29871000BD4608 /* PrimeTwinsNumberViewModel.swift in Sources */ = {isa = PBXBuildFile; fileRef = 9B0C68B72A29871000BD4608 /* PrimeTwinsNumberViewModel.swift */; };
		9B0C68BA2A29937500BD4608 /* SpiralViewModel.swift in Sources */ = {isa = PBXBuildFile; fileRef = 9B0C68B92A29937500BD4608 /* SpiralViewModel.swift */; };
		9B0C68BD2A29939200BD4608 /* SpiralView.swift in Sources */ = {isa = PBXBuildFile; fileRef = 9B0C68BC2A29939200BD4608 /* SpiralView.swift */; };
		9B16785C2D1537F10023D876 /* HauntedHouseViewModel.swift in Sources */ = {isa = PBXBuildFile; fileRef = 9B16785B2D1537E90023D876 /* HauntedHouseViewModel.swift */; };
		9B16785E2D1540A00023D876 /* HauntedHouseViewModelTests.swift in Sources */ = {isa = PBXBuildFile; fileRef = 9B16785D2D1540A00023D876 /* HauntedHouseViewModelTests.swift */; };
		9B1678602D1541860023D876 /* HauntedHouseView.swift in Sources */ = {isa = PBXBuildFile; fileRef = 9B16785F2D1541860023D876 /* HauntedHouseView.swift */; };
		9B4630CA29E9BFF7002D7D30 /* AurebeshTranslatorView.swift in Sources */ = {isa = PBXBuildFile; fileRef = 9B4630C929E9BFF7002D7D30 /* AurebeshTranslatorView.swift */; };
		9B4630CC29E9D768002D7D30 /* AurebeshTranslatorViewModel.swift in Sources */ = {isa = PBXBuildFile; fileRef = 9B4630CB29E9D768002D7D30 /* AurebeshTranslatorViewModel.swift */; };
		9B4BC2F629CE8EA9005BE1D8 /* FridayThirteenViewModel.swift in Sources */ = {isa = PBXBuildFile; fileRef = 9B4BC2F529CE8EA9005BE1D8 /* FridayThirteenViewModel.swift */; };
		9B54E0422D347FA8003D6F0A /* LiveHauntedHouseRandomizer.swift in Sources */ = {isa = PBXBuildFile; fileRef = 9B54E0412D347FA3003D6F0A /* LiveHauntedHouseRandomizer.swift */; };
		9B54E0442D347FFA003D6F0A /* HauntedHouseModels.swift in Sources */ = {isa = PBXBuildFile; fileRef = 9B54E0432D347FEC003D6F0A /* HauntedHouseModels.swift */; };
		9B56F0792D054EEF0065440C /* TetrisViewModelTests.swift in Sources */ = {isa = PBXBuildFile; fileRef = 9B56F0782D054EEE0065440C /* TetrisViewModelTests.swift */; };
		9B5BF7A42D12599F000DC8B6 /* WeatherSimulatorViewModel.swift in Sources */ = {isa = PBXBuildFile; fileRef = 9B5BF7A32D12599F000DC8B6 /* WeatherSimulatorViewModel.swift */; };
		9B5BF7A62D12A0E6000DC8B6 /* WeatherSimulatorViewModelTests.swift in Sources */ = {isa = PBXBuildFile; fileRef = 9B5BF7A52D12A0E6000DC8B6 /* WeatherSimulatorViewModelTests.swift */; };
		9B5F6C9C2A257F410019FD83 /* TriforceView.swift in Sources */ = {isa = PBXBuildFile; fileRef = 9B5F6C9B2A257F410019FD83 /* TriforceView.swift */; };
		9B64FCA62D055327004DF5CE /* TetrisMovesMock.swift in Sources */ = {isa = PBXBuildFile; fileRef = 9B64FCA52D05531B004DF5CE /* TetrisMovesMock.swift */; };
		9B6FBA452D0E5DAB00551387 /* PermutationsView.swift in Sources */ = {isa = PBXBuildFile; fileRef = 9B6FBA442D0E5DAB00551387 /* PermutationsView.swift */; };
		9B6FBA472D0E657F00551387 /* AddsView.swift in Sources */ = {isa = PBXBuildFile; fileRef = 9B6FBA462D0E657F00551387 /* AddsView.swift */; };
		9B75196A2D13BFC100E20C08 /* WeatherSimulatorView.swift in Sources */ = {isa = PBXBuildFile; fileRef = 9B7519692D13BFC100E20C08 /* WeatherSimulatorView.swift */; };
		9B75196D2D13D25600E20C08 /* MathQuizViewModel.swift in Sources */ = {isa = PBXBuildFile; fileRef = 9B75196C2D13D24F00E20C08 /* MathQuizViewModel.swift */; };
		9B75196F2D13D45700E20C08 /* MathQuizView.swift in Sources */ = {isa = PBXBuildFile; fileRef = 9B75196E2D13D45700E20C08 /* MathQuizView.swift */; };
		9B7BD3D72CC7320D00F4D0DA /* ButtonsExampleView.swift in Sources */ = {isa = PBXBuildFile; fileRef = 9B7BD3D62CC7320D00F4D0DA /* ButtonsExampleView.swift */; };
		9B8E095E2CC72680008DF02D /* View+Extensions.swift in Sources */ = {isa = PBXBuildFile; fileRef = 9B8E095D2CC72673008DF02D /* View+Extensions.swift */; };
		9B8E09622CC728F0008DF02D /* BasicButton.swift in Sources */ = {isa = PBXBuildFile; fileRef = 9B8E09612CC728F0008DF02D /* BasicButton.swift */; };
		9B9414BF29E927760080AF4F /* DecimalConversionViewModel.swift in Sources */ = {isa = PBXBuildFile; fileRef = 9B9414BE29E927760080AF4F /* DecimalConversionViewModel.swift */; };
		9B9414C129E92AD20080AF4F /* DecimalConversionView.swift in Sources */ = {isa = PBXBuildFile; fileRef = 9B9414C029E92AD20080AF4F /* DecimalConversionView.swift */; };
		9B9D57CE2CB31881009ABA52 /* KonamiCodeViewModel.swift in Sources */ = {isa = PBXBuildFile; fileRef = 9B9D57CD2CB31881009ABA52 /* KonamiCodeViewModel.swift */; };
		9B9D92722A3C44D700CA2A31 /* CesarCypherView.swift in Sources */ = {isa = PBXBuildFile; fileRef = 9B9D92712A3C44D700CA2A31 /* CesarCypherView.swift */; };
		9B9D92742A3C459900CA2A31 /* CesarCypherViewModel.swift in Sources */ = {isa = PBXBuildFile; fileRef = 9B9D92732A3C459900CA2A31 /* CesarCypherViewModel.swift */; };
		9BA00F252D02A87F00ADA9FE /* TetrisViewModel.swift in Sources */ = {isa = PBXBuildFile; fileRef = 9BA00F242D02A87900ADA9FE /* TetrisViewModel.swift */; };
		9BA067D42D0650F20073A5B6 /* TXTViewModel.swift in Sources */ = {isa = PBXBuildFile; fileRef = 9BA067D32D0650EC0073A5B6 /* TXTViewModel.swift */; };
		9BA067D62D0654240073A5B6 /* TXTView.swift in Sources */ = {isa = PBXBuildFile; fileRef = 9BA067D52D0654240073A5B6 /* TXTView.swift */; };
		9BA067D92D0658550073A5B6 /* TXTViewModelTests.swift in Sources */ = {isa = PBXBuildFile; fileRef = 9BA067D82D0658550073A5B6 /* TXTViewModelTests.swift */; };
		9BA0F60F2CDB0072005485D5 /* MathExpressionViewModel.swift in Sources */ = {isa = PBXBuildFile; fileRef = 9BA0F60D2CDB0072005485D5 /* MathExpressionViewModel.swift */; };
		9BA0F6102CDB0072005485D5 /* MathExpressionView.swift in Sources */ = {isa = PBXBuildFile; fileRef = 9BA0F60C2CDB0072005485D5 /* MathExpressionView.swift */; };
		9BA899B52A1DDF1900972307 /* TextAnalysisViewModel.swift in Sources */ = {isa = PBXBuildFile; fileRef = 9BA899B42A1DDF1900972307 /* TextAnalysisViewModel.swift */; };
		9BA899B82A1DE2BB00972307 /* TextAnalysisView.swift in Sources */ = {isa = PBXBuildFile; fileRef = 9BA899B72A1DE2BB00972307 /* TextAnalysisView.swift */; };
		9BBAD4C42CB4F2CC007180ED /* WeeklyChallenges2023Tests.swift in Sources */ = {isa = PBXBuildFile; fileRef = 9BBAD4C32CB4F2CC007180ED /* WeeklyChallenges2023Tests.swift */; };
		9BBAD4CB2CB4F2FB007180ED /* KonamiCodeViewModelTests.swift in Sources */ = {isa = PBXBuildFile; fileRef = 9BBAD4CA2CB4F2FB007180ED /* KonamiCodeViewModelTests.swift */; };
		9BBAD4CE2CB4FA5A007180ED /* CountdownViewModel.swift in Sources */ = {isa = PBXBuildFile; fileRef = 9BBAD4CD2CB4FA5A007180ED /* CountdownViewModel.swift */; };
		9BBAD4D02CB4FD42007180ED /* CountdownView.swift in Sources */ = {isa = PBXBuildFile; fileRef = 9BBAD4CF2CB4FD42007180ED /* CountdownView.swift */; };
		9BBB69EE2CF03326003FFFEC /* AbacusView.swift in Sources */ = {isa = PBXBuildFile; fileRef = 9BBB69ED2CF03326003FFFEC /* AbacusView.swift */; };
		9BC1364829FCF7A30095AA66 /* LadderView.swift in Sources */ = {isa = PBXBuildFile; fileRef = 9BC1364729FCF7A30095AA66 /* LadderView.swift */; };
		9BC1364A29FCF7AF0095AA66 /* LadderViewModel.swift in Sources */ = {isa = PBXBuildFile; fileRef = 9BC1364929FCF7AF0095AA66 /* LadderViewModel.swift */; };
		9BC1364B29FD02350095AA66 /* Aurebesh Bold.otf in Resources */ = {isa = PBXBuildFile; fileRef = 9B4630C529E9BDB3002D7D30 /* Aurebesh Bold.otf */; };
		9BC3CCA02A1C44430051AA92 /* ServiceLayer.swift in Sources */ = {isa = PBXBuildFile; fileRef = 9BC3CC9F2A1C44430051AA92 /* ServiceLayer.swift */; };
		9BC3CCA22A1C4D110051AA92 /* GitCommitsListView.swift in Sources */ = {isa = PBXBuildFile; fileRef = 9BC3CCA12A1C4D110051AA92 /* GitCommitsListView.swift */; };
		9BC3CCA52A1C6C870051AA92 /* WebScrapingViewModel.swift in Sources */ = {isa = PBXBuildFile; fileRef = 9BC3CCA42A1C6C870051AA92 /* WebScrapingViewModel.swift */; };
		9BC3CCA72A1C6D3A0051AA92 /* WebScrapingView.swift in Sources */ = {isa = PBXBuildFile; fileRef = 9BC3CCA62A1C6D3A0051AA92 /* WebScrapingView.swift */; };
		9BC8DC222D0F5751008CFB87 /* PythagoreanTriplesViewModel.swift in Sources */ = {isa = PBXBuildFile; fileRef = 9BC8DC212D0F5748008CFB87 /* PythagoreanTriplesViewModel.swift */; };
		9BC8DC242D0F579F008CFB87 /* PythagoreanTriplesViewModelTests.swift in Sources */ = {isa = PBXBuildFile; fileRef = 9BC8DC232D0F579F008CFB87 /* PythagoreanTriplesViewModelTests.swift */; };
		9BC8DC262D0F7774008CFB87 /* PythagoreanTriplesView.swift in Sources */ = {isa = PBXBuildFile; fileRef = 9BC8DC252D0F7774008CFB87 /* PythagoreanTriplesView.swift */; };
		9BC8DC292D0F7D52008CFB87 /* MultiplicationTablesViewModel.swift in Sources */ = {isa = PBXBuildFile; fileRef = 9BC8DC282D0F7D49008CFB87 /* MultiplicationTablesViewModel.swift */; };
		9BC8DC2B2D0F7E44008CFB87 /* MultiplicationTablesViewModelTests.swift in Sources */ = {isa = PBXBuildFile; fileRef = 9BC8DC2A2D0F7E44008CFB87 /* MultiplicationTablesViewModelTests.swift */; };
		9BC8DC2D2D0F8049008CFB87 /* MultiplicationTablesView.swift in Sources */ = {isa = PBXBuildFile; fileRef = 9BC8DC2C2D0F8049008CFB87 /* MultiplicationTablesView.swift */; };
		9BDCFAD12D07E31C00442F6B /* PermutationsViewModel.swift in Sources */ = {isa = PBXBuildFile; fileRef = 9BDCFAD02D07E31500442F6B /* PermutationsViewModel.swift */; };
		9BDCFAD32D07E6AC00442F6B /* PermutationsViewModelTests.swift in Sources */ = {isa = PBXBuildFile; fileRef = 9BDCFAD22D07E6AC00442F6B /* PermutationsViewModelTests.swift */; };
		9BE5B4162CD725B3007300ED /* InfiltratedCharacterView.swift in Sources */ = {isa = PBXBuildFile; fileRef = 9BE5B4152CD725B3007300ED /* InfiltratedCharacterView.swift */; };
		9BE5B4182CD72645007300ED /* BasicTextField.swift in Sources */ = {isa = PBXBuildFile; fileRef = 9BE5B4172CD72645007300ED /* BasicTextField.swift */; };
		9BE5B41A2CD72A5E007300ED /* InfiltratedCharacterViewModel.swift in Sources */ = {isa = PBXBuildFile; fileRef = 9BE5B4192CD72A52007300ED /* InfiltratedCharacterViewModel.swift */; };
		9BE5B41C2CD72D1D007300ED /* String+Extension.swift in Sources */ = {isa = PBXBuildFile; fileRef = 9BE5B41B2CD72D16007300ED /* String+Extension.swift */; };
		9BE5B41E2CD72F98007300ED /* TextFieldsExampleView.swift in Sources */ = {isa = PBXBuildFile; fileRef = 9BE5B41D2CD72F98007300ED /* TextFieldsExampleView.swift */; };
		9BE5B4222CD7360A007300ED /* T9KeyboardViewModel.swift in Sources */ = {isa = PBXBuildFile; fileRef = 9BE5B4212CD73603007300ED /* T9KeyboardViewModel.swift */; };
		9BE5B4242CD738F7007300ED /* T9KeyboardView.swift in Sources */ = {isa = PBXBuildFile; fileRef = 9BE5B4232CD738F7007300ED /* T9KeyboardView.swift */; };
		9BF1504229D16E180083976E /* FridayThirteenView.swift in Sources */ = {isa = PBXBuildFile; fileRef = 9BF1504129D16E180083976E /* FridayThirteenView.swift */; };
		9BF72A3329E684230046FF82 /* WordList.swift in Sources */ = {isa = PBXBuildFile; fileRef = 9BF72A3229E684230046FF82 /* WordList.swift */; };
		9BF72A3529E6847B0046FF82 /* WordGuessViewModel.swift in Sources */ = {isa = PBXBuildFile; fileRef = 9BF72A3429E6847B0046FF82 /* WordGuessViewModel.swift */; };
		9BF72A3729E6897D0046FF82 /* WordGuessView.swift in Sources */ = {isa = PBXBuildFile; fileRef = 9BF72A3629E6897D0046FF82 /* WordGuessView.swift */; };
		9BFB3B622CB262D5009966F1 /* KonamiCodeView.swift in Sources */ = {isa = PBXBuildFile; fileRef = 9BFB3B612CB262D5009966F1 /* KonamiCodeView.swift */; };
		9BFE79912CE199B400B397E6 /* TwoLabelButton.swift in Sources */ = {isa = PBXBuildFile; fileRef = 9BFE79902CE199B400B397E6 /* TwoLabelButton.swift */; };
		F121182D29C40A2800818C6C /* URLParamsView.swift in Sources */ = {isa = PBXBuildFile; fileRef = F121182C29C40A2800818C6C /* URLParamsView.swift */; };
		F121182F29C40CC800818C6C /* URLParamsViewModel.swift in Sources */ = {isa = PBXBuildFile; fileRef = F121182E29C40CC800818C6C /* URLParamsViewModel.swift */; };
		F1ACEC5729B91032003C0FCE /* Hete-Iso-PangramaView.swift in Sources */ = {isa = PBXBuildFile; fileRef = F1ACEC5629B91032003C0FCE /* Hete-Iso-PangramaView.swift */; };
		F1ACEC5A29B9107E003C0FCE /* SortingHatView.swift in Sources */ = {isa = PBXBuildFile; fileRef = F1ACEC5929B9107E003C0FCE /* SortingHatView.swift */; };
		F1ACEC5D29B911C3003C0FCE /* HolaMundoView.swift in Sources */ = {isa = PBXBuildFile; fileRef = F1ACEC5C29B911C3003C0FCE /* HolaMundoView.swift */; };
		F1ACEC6029B911EC003C0FCE /* APIView.swift in Sources */ = {isa = PBXBuildFile; fileRef = F1ACEC5F29B911EC003C0FCE /* APIView.swift */; };
		F1ACEC6229B9145B003C0FCE /* Hete-Iso-PangramaViewModel.swift in Sources */ = {isa = PBXBuildFile; fileRef = F1ACEC6129B9145B003C0FCE /* Hete-Iso-PangramaViewModel.swift */; };
		F1ACEC6429B9B032003C0FCE /* APIViewModel.swift in Sources */ = {isa = PBXBuildFile; fileRef = F1ACEC6329B9B032003C0FCE /* APIViewModel.swift */; };
		F1CD78E129BA37A400787330 /* TennisGameView.swift in Sources */ = {isa = PBXBuildFile; fileRef = F1CD78E029BA37A400787330 /* TennisGameView.swift */; };
		F1CD78E329BA3CE100787330 /* TennisGameViewModel.swift in Sources */ = {isa = PBXBuildFile; fileRef = F1CD78E229BA3CE100787330 /* TennisGameViewModel.swift */; };
		F1CD78E529BA6B9700787330 /* SortingHatViewModel.swift in Sources */ = {isa = PBXBuildFile; fileRef = F1CD78E429BA6B9700787330 /* SortingHatViewModel.swift */; };
		F1D0088A29B7E13F00767618 /* RPSLSView.swift in Sources */ = {isa = PBXBuildFile; fileRef = F1D0088929B7E13F00767618 /* RPSLSView.swift */; };
		F1D0088C29B7E17D00767618 /* RPSLSViewModel.swift in Sources */ = {isa = PBXBuildFile; fileRef = F1D0088B29B7E17D00767618 /* RPSLSViewModel.swift */; };
		F1D0089129B84B1200767618 /* Pseudorandom.swift in Sources */ = {isa = PBXBuildFile; fileRef = F1D0089029B84B1200767618 /* Pseudorandom.swift */; };
		F1D5EDDD29B6489A004D49EA /* PassWordGeneratorView.swift in Sources */ = {isa = PBXBuildFile; fileRef = F1D5EDDC29B6489A004D49EA /* PassWordGeneratorView.swift */; };
		F1D5EDDF29B648A8004D49EA /* PasswordGeneratorViewModel.swift in Sources */ = {isa = PBXBuildFile; fileRef = F1D5EDDE29B648A8004D49EA /* PasswordGeneratorViewModel.swift */; };
		F1D5EDE129B6B866004D49EA /* LaunchScreen.storyboard in Resources */ = {isa = PBXBuildFile; fileRef = F1D5EDE029B6B866004D49EA /* LaunchScreen.storyboard */; };
		F1D5EDE329B6BB59004D49EA /* SwitchButton.swift in Sources */ = {isa = PBXBuildFile; fileRef = F1D5EDE229B6BB59004D49EA /* SwitchButton.swift */; };
		F1D5EDE629B6EE23004D49EA /* PrimeFibonachiPairView.swift in Sources */ = {isa = PBXBuildFile; fileRef = F1D5EDE529B6EE23004D49EA /* PrimeFibonachiPairView.swift */; };
		F1D5EDE829B6EE8C004D49EA /* PrimeFibonachiPairViewModel.swift in Sources */ = {isa = PBXBuildFile; fileRef = F1D5EDE729B6EE8C004D49EA /* PrimeFibonachiPairViewModel.swift */; };
/* End PBXBuildFile section */

/* Begin PBXContainerItemProxy section */
		9BBAD4C52CB4F2CC007180ED /* PBXContainerItemProxy */ = {
			isa = PBXContainerItemProxy;
			containerPortal = 3A19600C295E4B1600CB283B /* Project object */;
			proxyType = 1;
			remoteGlobalIDString = 3A196013295E4B1600CB283B;
			remoteInfo = WeeklyChallenges2023;
		};
/* End PBXContainerItemProxy section */

/* Begin PBXFileReference section */
		3A196014295E4B1600CB283B /* WeeklyChallenges2023.app */ = {isa = PBXFileReference; explicitFileType = wrapper.application; includeInIndex = 0; path = WeeklyChallenges2023.app; sourceTree = BUILT_PRODUCTS_DIR; };
		3A196017295E4B1600CB283B /* WeeklyChallenges2023App.swift */ = {isa = PBXFileReference; lastKnownFileType = sourcecode.swift; path = WeeklyChallenges2023App.swift; sourceTree = "<group>"; };
		3A196019295E4B1700CB283B /* ContentView.swift */ = {isa = PBXFileReference; lastKnownFileType = sourcecode.swift; path = ContentView.swift; sourceTree = "<group>"; };
		3A19601B295E4B1900CB283B /* Assets.xcassets */ = {isa = PBXFileReference; lastKnownFileType = folder.assetcatalog; path = Assets.xcassets; sourceTree = "<group>"; };
		3A19601E295E4B1900CB283B /* Preview Assets.xcassets */ = {isa = PBXFileReference; lastKnownFileType = folder.assetcatalog; path = "Preview Assets.xcassets"; sourceTree = "<group>"; };
		3A196020295E4B1900CB283B /* WeeklyChallenges2023.entitlements */ = {isa = PBXFileReference; lastKnownFileType = text.plist.entitlements; path = WeeklyChallenges2023.entitlements; sourceTree = "<group>"; };
		3A196027295E50AB00CB283B /* FizzBuzzView.swift */ = {isa = PBXFileReference; lastKnownFileType = sourcecode.swift; path = FizzBuzzView.swift; sourceTree = "<group>"; };
		3A4BF938296A39B6000C17EA /* L33tAlphabets.swift */ = {isa = PBXFileReference; lastKnownFileType = sourcecode.swift; path = L33tAlphabets.swift; sourceTree = "<group>"; };
		3A4BF93A296A39DF000C17EA /* L33tStringExtensions.swift */ = {isa = PBXFileReference; lastKnownFileType = sourcecode.swift; path = L33tStringExtensions.swift; sourceTree = "<group>"; };
		3A4BF93C296A3A06000C17EA /* L33tView.swift */ = {isa = PBXFileReference; lastKnownFileType = sourcecode.swift; path = L33tView.swift; sourceTree = "<group>"; };
		7B0CCE862CF5347B00547FF0 /* ExcelColumnViewModel.swift */ = {isa = PBXFileReference; lastKnownFileType = sourcecode.swift; path = ExcelColumnViewModel.swift; sourceTree = "<group>"; };
		7B0CCE882CF5387200547FF0 /* ExcelColumnViewModelTests.swift */ = {isa = PBXFileReference; lastKnownFileType = sourcecode.swift; path = ExcelColumnViewModelTests.swift; sourceTree = "<group>"; };
		7B0CCE8A2CF543A200547FF0 /* ExcelColumnView.swift */ = {isa = PBXFileReference; lastKnownFileType = sourcecode.swift; path = ExcelColumnView.swift; sourceTree = "<group>"; };
		7B11387E2D136C9000AE0BA9 /* AdventCalendarViewModel.swift */ = {isa = PBXFileReference; lastKnownFileType = sourcecode.swift; path = AdventCalendarViewModel.swift; sourceTree = "<group>"; };
		7B1138802D136E9300AE0BA9 /* AdventCalendarViewModelTests.swift */ = {isa = PBXFileReference; lastKnownFileType = sourcecode.swift; path = AdventCalendarViewModelTests.swift; sourceTree = "<group>"; };
		7B1138822D13751200AE0BA9 /* AdventCalendarView.swift */ = {isa = PBXFileReference; lastKnownFileType = sourcecode.swift; path = AdventCalendarView.swift; sourceTree = "<group>"; };
		7B1138852D137C8E00AE0BA9 /* HundredPointWordViewModel.swift */ = {isa = PBXFileReference; lastKnownFileType = sourcecode.swift; path = HundredPointWordViewModel.swift; sourceTree = "<group>"; };
		7B1138872D13B87100AE0BA9 /* HundredPointWordViewModelTests.swift */ = {isa = PBXFileReference; lastKnownFileType = sourcecode.swift; path = HundredPointWordViewModelTests.swift; sourceTree = "<group>"; };
		7B1138892D13BB6D00AE0BA9 /* HundredPointWordView.swift */ = {isa = PBXFileReference; lastKnownFileType = sourcecode.swift; path = HundredPointWordView.swift; sourceTree = "<group>"; };
		7B2B71822D244CD3004550FD /* MeetingPointViewModel.swift */ = {isa = PBXFileReference; lastKnownFileType = sourcecode.swift; path = MeetingPointViewModel.swift; sourceTree = "<group>"; };
		7B2B71842D244D0A004550FD /* MeetingPointViewModelTests.swift */ = {isa = PBXFileReference; lastKnownFileType = sourcecode.swift; path = MeetingPointViewModelTests.swift; sourceTree = "<group>"; };
		7B2B71872D2735EE004550FD /* MeetingPointView.swift */ = {isa = PBXFileReference; lastKnownFileType = sourcecode.swift; path = MeetingPointView.swift; sourceTree = "<group>"; };
		7B5CB0A52D1F628900EB4328 /* RacingCarsViewModel.swift */ = {isa = PBXFileReference; lastKnownFileType = sourcecode.swift; path = RacingCarsViewModel.swift; sourceTree = "<group>"; };
		7B5CB0A72D1F686900EB4328 /* RacingCarsViewModelTests.swift */ = {isa = PBXFileReference; lastKnownFileType = sourcecode.swift; path = RacingCarsViewModelTests.swift; sourceTree = "<group>"; };
		7B5CB0A92D1F75C800EB4328 /* RacingCarView.swift */ = {isa = PBXFileReference; lastKnownFileType = sourcecode.swift; path = RacingCarView.swift; sourceTree = "<group>"; };
		7B7614122D08CB2200C1F610 /* ColorsViewModel.swift */ = {isa = PBXFileReference; lastKnownFileType = sourcecode.swift; path = ColorsViewModel.swift; sourceTree = "<group>"; };
		7B7614142D08D1E800C1F610 /* ColorsViewModelTests.swift */ = {isa = PBXFileReference; lastKnownFileType = sourcecode.swift; path = ColorsViewModelTests.swift; sourceTree = "<group>"; };
		7B7614162D08DA8100C1F610 /* ColorsView.swift */ = {isa = PBXFileReference; lastKnownFileType = sourcecode.swift; path = ColorsView.swift; sourceTree = "<group>"; };
		7B7614192D08E2C000C1F610 /* AddsViewModel.swift */ = {isa = PBXFileReference; lastKnownFileType = sourcecode.swift; path = AddsViewModel.swift; sourceTree = "<group>"; };
		7B76141B2D0C942D00C1F610 /* AddsViewModelTests.swift */ = {isa = PBXFileReference; lastKnownFileType = sourcecode.swift; path = AddsViewModelTests.swift; sourceTree = "<group>"; };
		7BB035F92CEE911B0009A40E /* AbacusViewModel.swift */ = {isa = PBXFileReference; lastKnownFileType = sourcecode.swift; path = AbacusViewModel.swift; sourceTree = "<group>"; };
		7BDF06AE2D000825002A720F /* TetrisView.swift */ = {isa = PBXFileReference; lastKnownFileType = sourcecode.swift; path = TetrisView.swift; sourceTree = "<group>"; };
		7BF830552D07ADFB00310514 /* FirstStepsView.swift */ = {isa = PBXFileReference; lastKnownFileType = sourcecode.swift; path = FirstStepsView.swift; sourceTree = "<group>"; };
		9B04350D2A02F140007D1303 /* GitCommitsViewModel.swift */ = {isa = PBXFileReference; lastKnownFileType = sourcecode.swift; path = GitCommitsViewModel.swift; sourceTree = "<group>"; };
		9B0C68B52A29870700BD4608 /* PrimeTwinsNumberView.swift */ = {isa = PBXFileReference; lastKnownFileType = sourcecode.swift; path = PrimeTwinsNumberView.swift; sourceTree = "<group>"; };
		9B0C68B72A29871000BD4608 /* PrimeTwinsNumberViewModel.swift */ = {isa = PBXFileReference; lastKnownFileType = sourcecode.swift; path = PrimeTwinsNumberViewModel.swift; sourceTree = "<group>"; };
		9B0C68B92A29937500BD4608 /* SpiralViewModel.swift */ = {isa = PBXFileReference; lastKnownFileType = sourcecode.swift; path = SpiralViewModel.swift; sourceTree = "<group>"; };
		9B0C68BC2A29939200BD4608 /* SpiralView.swift */ = {isa = PBXFileReference; lastKnownFileType = sourcecode.swift; path = SpiralView.swift; sourceTree = "<group>"; };
		9B16785B2D1537E90023D876 /* HauntedHouseViewModel.swift */ = {isa = PBXFileReference; lastKnownFileType = sourcecode.swift; path = HauntedHouseViewModel.swift; sourceTree = "<group>"; };
		9B16785D2D1540A00023D876 /* HauntedHouseViewModelTests.swift */ = {isa = PBXFileReference; lastKnownFileType = sourcecode.swift; path = HauntedHouseViewModelTests.swift; sourceTree = "<group>"; };
		9B16785F2D1541860023D876 /* HauntedHouseView.swift */ = {isa = PBXFileReference; lastKnownFileType = sourcecode.swift; path = HauntedHouseView.swift; sourceTree = "<group>"; };
		9B4630C529E9BDB3002D7D30 /* Aurebesh Bold.otf */ = {isa = PBXFileReference; lastKnownFileType = file; path = "Aurebesh Bold.otf"; sourceTree = "<group>"; };
		9B4630C729E9BF8D002D7D30 /* Info.plist */ = {isa = PBXFileReference; lastKnownFileType = text.plist; path = Info.plist; sourceTree = "<group>"; };
		9B4630C929E9BFF7002D7D30 /* AurebeshTranslatorView.swift */ = {isa = PBXFileReference; lastKnownFileType = sourcecode.swift; path = AurebeshTranslatorView.swift; sourceTree = "<group>"; };
		9B4630CB29E9D768002D7D30 /* AurebeshTranslatorViewModel.swift */ = {isa = PBXFileReference; lastKnownFileType = sourcecode.swift; path = AurebeshTranslatorViewModel.swift; sourceTree = "<group>"; };
		9B4BC2F529CE8EA9005BE1D8 /* FridayThirteenViewModel.swift */ = {isa = PBXFileReference; lastKnownFileType = sourcecode.swift; path = FridayThirteenViewModel.swift; sourceTree = "<group>"; };
		9B54E0412D347FA3003D6F0A /* LiveHauntedHouseRandomizer.swift */ = {isa = PBXFileReference; lastKnownFileType = sourcecode.swift; path = LiveHauntedHouseRandomizer.swift; sourceTree = "<group>"; };
		9B54E0432D347FEC003D6F0A /* HauntedHouseModels.swift */ = {isa = PBXFileReference; lastKnownFileType = sourcecode.swift; path = HauntedHouseModels.swift; sourceTree = "<group>"; };
		9B56F0782D054EEE0065440C /* TetrisViewModelTests.swift */ = {isa = PBXFileReference; lastKnownFileType = sourcecode.swift; path = TetrisViewModelTests.swift; sourceTree = "<group>"; };
		9B5BF7A32D12599F000DC8B6 /* WeatherSimulatorViewModel.swift */ = {isa = PBXFileReference; lastKnownFileType = sourcecode.swift; path = WeatherSimulatorViewModel.swift; sourceTree = "<group>"; };
		9B5BF7A52D12A0E6000DC8B6 /* WeatherSimulatorViewModelTests.swift */ = {isa = PBXFileReference; lastKnownFileType = sourcecode.swift; path = WeatherSimulatorViewModelTests.swift; sourceTree = "<group>"; };
		9B5F6C9B2A257F410019FD83 /* TriforceView.swift */ = {isa = PBXFileReference; lastKnownFileType = sourcecode.swift; path = TriforceView.swift; sourceTree = "<group>"; };
		9B64FCA52D05531B004DF5CE /* TetrisMovesMock.swift */ = {isa = PBXFileReference; lastKnownFileType = sourcecode.swift; path = TetrisMovesMock.swift; sourceTree = "<group>"; };
		9B6FBA442D0E5DAB00551387 /* PermutationsView.swift */ = {isa = PBXFileReference; lastKnownFileType = sourcecode.swift; path = PermutationsView.swift; sourceTree = "<group>"; };
		9B6FBA462D0E657F00551387 /* AddsView.swift */ = {isa = PBXFileReference; lastKnownFileType = sourcecode.swift; path = AddsView.swift; sourceTree = "<group>"; };
		9B7519692D13BFC100E20C08 /* WeatherSimulatorView.swift */ = {isa = PBXFileReference; lastKnownFileType = sourcecode.swift; path = WeatherSimulatorView.swift; sourceTree = "<group>"; };
		9B75196C2D13D24F00E20C08 /* MathQuizViewModel.swift */ = {isa = PBXFileReference; lastKnownFileType = sourcecode.swift; path = MathQuizViewModel.swift; sourceTree = "<group>"; };
		9B75196E2D13D45700E20C08 /* MathQuizView.swift */ = {isa = PBXFileReference; lastKnownFileType = sourcecode.swift; path = MathQuizView.swift; sourceTree = "<group>"; };
		9B7BD3D62CC7320D00F4D0DA /* ButtonsExampleView.swift */ = {isa = PBXFileReference; lastKnownFileType = sourcecode.swift; path = ButtonsExampleView.swift; sourceTree = "<group>"; };
		9B8E095D2CC72673008DF02D /* View+Extensions.swift */ = {isa = PBXFileReference; lastKnownFileType = sourcecode.swift; path = "View+Extensions.swift"; sourceTree = "<group>"; };
		9B8E09612CC728F0008DF02D /* BasicButton.swift */ = {isa = PBXFileReference; lastKnownFileType = sourcecode.swift; path = BasicButton.swift; sourceTree = "<group>"; };
		9B9414BE29E927760080AF4F /* DecimalConversionViewModel.swift */ = {isa = PBXFileReference; lastKnownFileType = sourcecode.swift; path = DecimalConversionViewModel.swift; sourceTree = "<group>"; };
		9B9414C029E92AD20080AF4F /* DecimalConversionView.swift */ = {isa = PBXFileReference; lastKnownFileType = sourcecode.swift; path = DecimalConversionView.swift; sourceTree = "<group>"; };
		9B9D57CD2CB31881009ABA52 /* KonamiCodeViewModel.swift */ = {isa = PBXFileReference; lastKnownFileType = sourcecode.swift; path = KonamiCodeViewModel.swift; sourceTree = "<group>"; };
		9B9D92712A3C44D700CA2A31 /* CesarCypherView.swift */ = {isa = PBXFileReference; lastKnownFileType = sourcecode.swift; path = CesarCypherView.swift; sourceTree = "<group>"; };
		9B9D92732A3C459900CA2A31 /* CesarCypherViewModel.swift */ = {isa = PBXFileReference; lastKnownFileType = sourcecode.swift; path = CesarCypherViewModel.swift; sourceTree = "<group>"; };
		9BA00F242D02A87900ADA9FE /* TetrisViewModel.swift */ = {isa = PBXFileReference; lastKnownFileType = sourcecode.swift; path = TetrisViewModel.swift; sourceTree = "<group>"; };
		9BA067D32D0650EC0073A5B6 /* TXTViewModel.swift */ = {isa = PBXFileReference; lastKnownFileType = sourcecode.swift; path = TXTViewModel.swift; sourceTree = "<group>"; };
		9BA067D52D0654240073A5B6 /* TXTView.swift */ = {isa = PBXFileReference; lastKnownFileType = sourcecode.swift; path = TXTView.swift; sourceTree = "<group>"; };
		9BA067D82D0658550073A5B6 /* TXTViewModelTests.swift */ = {isa = PBXFileReference; lastKnownFileType = sourcecode.swift; path = TXTViewModelTests.swift; sourceTree = "<group>"; };
		9BA0F60C2CDB0072005485D5 /* MathExpressionView.swift */ = {isa = PBXFileReference; lastKnownFileType = sourcecode.swift; path = MathExpressionView.swift; sourceTree = "<group>"; };
		9BA0F60D2CDB0072005485D5 /* MathExpressionViewModel.swift */ = {isa = PBXFileReference; lastKnownFileType = sourcecode.swift; path = MathExpressionViewModel.swift; sourceTree = "<group>"; };
		9BA899B42A1DDF1900972307 /* TextAnalysisViewModel.swift */ = {isa = PBXFileReference; lastKnownFileType = sourcecode.swift; path = TextAnalysisViewModel.swift; sourceTree = "<group>"; };
		9BA899B72A1DE2BB00972307 /* TextAnalysisView.swift */ = {isa = PBXFileReference; lastKnownFileType = sourcecode.swift; path = TextAnalysisView.swift; sourceTree = "<group>"; };
		9BBAD4C12CB4F2CC007180ED /* WeeklyChallenges2023Tests.xctest */ = {isa = PBXFileReference; explicitFileType = wrapper.cfbundle; includeInIndex = 0; path = WeeklyChallenges2023Tests.xctest; sourceTree = BUILT_PRODUCTS_DIR; };
		9BBAD4C32CB4F2CC007180ED /* WeeklyChallenges2023Tests.swift */ = {isa = PBXFileReference; lastKnownFileType = sourcecode.swift; path = WeeklyChallenges2023Tests.swift; sourceTree = "<group>"; };
		9BBAD4CA2CB4F2FB007180ED /* KonamiCodeViewModelTests.swift */ = {isa = PBXFileReference; lastKnownFileType = sourcecode.swift; path = KonamiCodeViewModelTests.swift; sourceTree = "<group>"; };
		9BBAD4CD2CB4FA5A007180ED /* CountdownViewModel.swift */ = {isa = PBXFileReference; lastKnownFileType = sourcecode.swift; path = CountdownViewModel.swift; sourceTree = "<group>"; };
		9BBAD4CF2CB4FD42007180ED /* CountdownView.swift */ = {isa = PBXFileReference; lastKnownFileType = sourcecode.swift; path = CountdownView.swift; sourceTree = "<group>"; };
		9BBB69ED2CF03326003FFFEC /* AbacusView.swift */ = {isa = PBXFileReference; lastKnownFileType = sourcecode.swift; path = AbacusView.swift; sourceTree = "<group>"; };
		9BC1364729FCF7A30095AA66 /* LadderView.swift */ = {isa = PBXFileReference; lastKnownFileType = sourcecode.swift; path = LadderView.swift; sourceTree = "<group>"; };
		9BC1364929FCF7AF0095AA66 /* LadderViewModel.swift */ = {isa = PBXFileReference; lastKnownFileType = sourcecode.swift; path = LadderViewModel.swift; sourceTree = "<group>"; };
		9BC3CC9F2A1C44430051AA92 /* ServiceLayer.swift */ = {isa = PBXFileReference; lastKnownFileType = sourcecode.swift; path = ServiceLayer.swift; sourceTree = "<group>"; };
		9BC3CCA12A1C4D110051AA92 /* GitCommitsListView.swift */ = {isa = PBXFileReference; lastKnownFileType = sourcecode.swift; path = GitCommitsListView.swift; sourceTree = "<group>"; };
		9BC3CCA42A1C6C870051AA92 /* WebScrapingViewModel.swift */ = {isa = PBXFileReference; lastKnownFileType = sourcecode.swift; path = WebScrapingViewModel.swift; sourceTree = "<group>"; };
		9BC3CCA62A1C6D3A0051AA92 /* WebScrapingView.swift */ = {isa = PBXFileReference; lastKnownFileType = sourcecode.swift; path = WebScrapingView.swift; sourceTree = "<group>"; };
		9BC8DC212D0F5748008CFB87 /* PythagoreanTriplesViewModel.swift */ = {isa = PBXFileReference; lastKnownFileType = sourcecode.swift; path = PythagoreanTriplesViewModel.swift; sourceTree = "<group>"; };
		9BC8DC232D0F579F008CFB87 /* PythagoreanTriplesViewModelTests.swift */ = {isa = PBXFileReference; lastKnownFileType = sourcecode.swift; path = PythagoreanTriplesViewModelTests.swift; sourceTree = "<group>"; };
		9BC8DC252D0F7774008CFB87 /* PythagoreanTriplesView.swift */ = {isa = PBXFileReference; lastKnownFileType = sourcecode.swift; path = PythagoreanTriplesView.swift; sourceTree = "<group>"; };
		9BC8DC282D0F7D49008CFB87 /* MultiplicationTablesViewModel.swift */ = {isa = PBXFileReference; lastKnownFileType = sourcecode.swift; path = MultiplicationTablesViewModel.swift; sourceTree = "<group>"; };
		9BC8DC2A2D0F7E44008CFB87 /* MultiplicationTablesViewModelTests.swift */ = {isa = PBXFileReference; lastKnownFileType = sourcecode.swift; path = MultiplicationTablesViewModelTests.swift; sourceTree = "<group>"; };
		9BC8DC2C2D0F8049008CFB87 /* MultiplicationTablesView.swift */ = {isa = PBXFileReference; lastKnownFileType = sourcecode.swift; path = MultiplicationTablesView.swift; sourceTree = "<group>"; };
		9BDCFAD02D07E31500442F6B /* PermutationsViewModel.swift */ = {isa = PBXFileReference; lastKnownFileType = sourcecode.swift; path = PermutationsViewModel.swift; sourceTree = "<group>"; };
		9BDCFAD22D07E6AC00442F6B /* PermutationsViewModelTests.swift */ = {isa = PBXFileReference; lastKnownFileType = sourcecode.swift; path = PermutationsViewModelTests.swift; sourceTree = "<group>"; };
		9BE5B4152CD725B3007300ED /* InfiltratedCharacterView.swift */ = {isa = PBXFileReference; lastKnownFileType = sourcecode.swift; path = InfiltratedCharacterView.swift; sourceTree = "<group>"; };
		9BE5B4172CD72645007300ED /* BasicTextField.swift */ = {isa = PBXFileReference; lastKnownFileType = sourcecode.swift; path = BasicTextField.swift; sourceTree = "<group>"; };
		9BE5B4192CD72A52007300ED /* InfiltratedCharacterViewModel.swift */ = {isa = PBXFileReference; lastKnownFileType = sourcecode.swift; path = InfiltratedCharacterViewModel.swift; sourceTree = "<group>"; };
		9BE5B41B2CD72D16007300ED /* String+Extension.swift */ = {isa = PBXFileReference; lastKnownFileType = sourcecode.swift; path = "String+Extension.swift"; sourceTree = "<group>"; };
		9BE5B41D2CD72F98007300ED /* TextFieldsExampleView.swift */ = {isa = PBXFileReference; lastKnownFileType = sourcecode.swift; path = TextFieldsExampleView.swift; sourceTree = "<group>"; };
		9BE5B4212CD73603007300ED /* T9KeyboardViewModel.swift */ = {isa = PBXFileReference; lastKnownFileType = sourcecode.swift; path = T9KeyboardViewModel.swift; sourceTree = "<group>"; };
		9BE5B4232CD738F7007300ED /* T9KeyboardView.swift */ = {isa = PBXFileReference; lastKnownFileType = sourcecode.swift; path = T9KeyboardView.swift; sourceTree = "<group>"; };
		9BF1504129D16E180083976E /* FridayThirteenView.swift */ = {isa = PBXFileReference; lastKnownFileType = sourcecode.swift; path = FridayThirteenView.swift; sourceTree = "<group>"; };
		9BF72A3229E684230046FF82 /* WordList.swift */ = {isa = PBXFileReference; lastKnownFileType = sourcecode.swift; path = WordList.swift; sourceTree = "<group>"; };
		9BF72A3429E6847B0046FF82 /* WordGuessViewModel.swift */ = {isa = PBXFileReference; lastKnownFileType = sourcecode.swift; path = WordGuessViewModel.swift; sourceTree = "<group>"; };
		9BF72A3629E6897D0046FF82 /* WordGuessView.swift */ = {isa = PBXFileReference; lastKnownFileType = sourcecode.swift; path = WordGuessView.swift; sourceTree = "<group>"; };
		9BFB3B612CB262D5009966F1 /* KonamiCodeView.swift */ = {isa = PBXFileReference; lastKnownFileType = sourcecode.swift; path = KonamiCodeView.swift; sourceTree = "<group>"; };
		9BFE79902CE199B400B397E6 /* TwoLabelButton.swift */ = {isa = PBXFileReference; lastKnownFileType = sourcecode.swift; path = TwoLabelButton.swift; sourceTree = "<group>"; };
		F121182C29C40A2800818C6C /* URLParamsView.swift */ = {isa = PBXFileReference; lastKnownFileType = sourcecode.swift; path = URLParamsView.swift; sourceTree = "<group>"; };
		F121182E29C40CC800818C6C /* URLParamsViewModel.swift */ = {isa = PBXFileReference; lastKnownFileType = sourcecode.swift; path = URLParamsViewModel.swift; sourceTree = "<group>"; };
		F1ACEC5629B91032003C0FCE /* Hete-Iso-PangramaView.swift */ = {isa = PBXFileReference; lastKnownFileType = sourcecode.swift; path = "Hete-Iso-PangramaView.swift"; sourceTree = "<group>"; };
		F1ACEC5929B9107E003C0FCE /* SortingHatView.swift */ = {isa = PBXFileReference; lastKnownFileType = sourcecode.swift; path = SortingHatView.swift; sourceTree = "<group>"; };
		F1ACEC5C29B911C3003C0FCE /* HolaMundoView.swift */ = {isa = PBXFileReference; lastKnownFileType = sourcecode.swift; path = HolaMundoView.swift; sourceTree = "<group>"; };
		F1ACEC5F29B911EC003C0FCE /* APIView.swift */ = {isa = PBXFileReference; lastKnownFileType = sourcecode.swift; path = APIView.swift; sourceTree = "<group>"; };
		F1ACEC6129B9145B003C0FCE /* Hete-Iso-PangramaViewModel.swift */ = {isa = PBXFileReference; lastKnownFileType = sourcecode.swift; path = "Hete-Iso-PangramaViewModel.swift"; sourceTree = "<group>"; };
		F1ACEC6329B9B032003C0FCE /* APIViewModel.swift */ = {isa = PBXFileReference; lastKnownFileType = sourcecode.swift; path = APIViewModel.swift; sourceTree = "<group>"; };
		F1CD78E029BA37A400787330 /* TennisGameView.swift */ = {isa = PBXFileReference; lastKnownFileType = sourcecode.swift; path = TennisGameView.swift; sourceTree = "<group>"; };
		F1CD78E229BA3CE100787330 /* TennisGameViewModel.swift */ = {isa = PBXFileReference; lastKnownFileType = sourcecode.swift; path = TennisGameViewModel.swift; sourceTree = "<group>"; };
		F1CD78E429BA6B9700787330 /* SortingHatViewModel.swift */ = {isa = PBXFileReference; lastKnownFileType = sourcecode.swift; path = SortingHatViewModel.swift; sourceTree = "<group>"; };
		F1D0088929B7E13F00767618 /* RPSLSView.swift */ = {isa = PBXFileReference; lastKnownFileType = sourcecode.swift; path = RPSLSView.swift; sourceTree = "<group>"; };
		F1D0088B29B7E17D00767618 /* RPSLSViewModel.swift */ = {isa = PBXFileReference; lastKnownFileType = sourcecode.swift; path = RPSLSViewModel.swift; sourceTree = "<group>"; };
		F1D0089029B84B1200767618 /* Pseudorandom.swift */ = {isa = PBXFileReference; lastKnownFileType = sourcecode.swift; path = Pseudorandom.swift; sourceTree = "<group>"; };
		F1D5EDDC29B6489A004D49EA /* PassWordGeneratorView.swift */ = {isa = PBXFileReference; lastKnownFileType = sourcecode.swift; path = PassWordGeneratorView.swift; sourceTree = "<group>"; };
		F1D5EDDE29B648A8004D49EA /* PasswordGeneratorViewModel.swift */ = {isa = PBXFileReference; lastKnownFileType = sourcecode.swift; path = PasswordGeneratorViewModel.swift; sourceTree = "<group>"; };
		F1D5EDE029B6B866004D49EA /* LaunchScreen.storyboard */ = {isa = PBXFileReference; lastKnownFileType = file.storyboard; path = LaunchScreen.storyboard; sourceTree = "<group>"; };
		F1D5EDE229B6BB59004D49EA /* SwitchButton.swift */ = {isa = PBXFileReference; lastKnownFileType = sourcecode.swift; path = SwitchButton.swift; sourceTree = "<group>"; };
		F1D5EDE529B6EE23004D49EA /* PrimeFibonachiPairView.swift */ = {isa = PBXFileReference; lastKnownFileType = sourcecode.swift; path = PrimeFibonachiPairView.swift; sourceTree = "<group>"; };
		F1D5EDE729B6EE8C004D49EA /* PrimeFibonachiPairViewModel.swift */ = {isa = PBXFileReference; lastKnownFileType = sourcecode.swift; path = PrimeFibonachiPairViewModel.swift; sourceTree = "<group>"; };
/* End PBXFileReference section */

/* Begin PBXFrameworksBuildPhase section */
		3A196011295E4B1600CB283B /* Frameworks */ = {
			isa = PBXFrameworksBuildPhase;
			buildActionMask = 2147483647;
			files = (
			);
			runOnlyForDeploymentPostprocessing = 0;
		};
		9BBAD4BE2CB4F2CC007180ED /* Frameworks */ = {
			isa = PBXFrameworksBuildPhase;
			buildActionMask = 2147483647;
			files = (
			);
			runOnlyForDeploymentPostprocessing = 0;
		};
/* End PBXFrameworksBuildPhase section */

/* Begin PBXGroup section */
		3A19600B295E4B1600CB283B = {
			isa = PBXGroup;
			children = (
				3A196016295E4B1600CB283B /* WeeklyChallenges2023 */,
				9BBAD4C22CB4F2CC007180ED /* WeeklyChallenges2023Tests */,
				3A196015295E4B1600CB283B /* Products */,
			);
			sourceTree = "<group>";
		};
		3A196015295E4B1600CB283B /* Products */ = {
			isa = PBXGroup;
			children = (
				3A196014295E4B1600CB283B /* WeeklyChallenges2023.app */,
				9BBAD4C12CB4F2CC007180ED /* WeeklyChallenges2023Tests.xctest */,
			);
			name = Products;
			sourceTree = "<group>";
		};
		3A196016295E4B1600CB283B /* WeeklyChallenges2023 */ = {
			isa = PBXGroup;
			children = (
				9BC3CC9E2A1C44340051AA92 /* Helpers */,
				9BC1364529FCF77D0095AA66 /* Views */,
				9B4630C729E9BF8D002D7D30 /* Info.plist */,
				9B4630C429E9BD9D002D7D30 /* Fonts */,
				3A196017295E4B1600CB283B /* WeeklyChallenges2023App.swift */,
				3A196019295E4B1700CB283B /* ContentView.swift */,
				3A19601B295E4B1900CB283B /* Assets.xcassets */,
				3A196020295E4B1900CB283B /* WeeklyChallenges2023.entitlements */,
				3A19601D295E4B1900CB283B /* Preview Content */,
				F1D5EDE029B6B866004D49EA /* LaunchScreen.storyboard */,
			);
			path = WeeklyChallenges2023;
			sourceTree = "<group>";
		};
		3A19601D295E4B1900CB283B /* Preview Content */ = {
			isa = PBXGroup;
			children = (
				3A19601E295E4B1900CB283B /* Preview Assets.xcassets */,
			);
			path = "Preview Content";
			sourceTree = "<group>";
		};
		3A196026295E4B2600CB283B /* 0-FizzBuzz */ = {
			isa = PBXGroup;
			children = (
				3A196027295E50AB00CB283B /* FizzBuzzView.swift */,
			);
			path = "0-FizzBuzz";
			sourceTree = "<group>";
		};
		3A4BF937296A3994000C17EA /* 1-L33t */ = {
			isa = PBXGroup;
			children = (
				3A4BF938296A39B6000C17EA /* L33tAlphabets.swift */,
				3A4BF93A296A39DF000C17EA /* L33tStringExtensions.swift */,
				3A4BF93C296A3A06000C17EA /* L33tView.swift */,
			);
			path = "1-L33t";
			sourceTree = "<group>";
		};
		7B0CCE852CF5345A00547FF0 /* 32-ExcelColumn */ = {
			isa = PBXGroup;
			children = (
				7B0CCE862CF5347B00547FF0 /* ExcelColumnViewModel.swift */,
				7B0CCE8A2CF543A200547FF0 /* ExcelColumnView.swift */,
			);
			path = "32-ExcelColumn";
			sourceTree = "<group>";
		};
		7B11387D2D136C7600AE0BA9 /* 45-AdventCalendar */ = {
			isa = PBXGroup;
			children = (
				7B11387E2D136C9000AE0BA9 /* AdventCalendarViewModel.swift */,
				7B1138822D13751200AE0BA9 /* AdventCalendarView.swift */,
			);
			path = "45-AdventCalendar";
			sourceTree = "<group>";
		};
		7B1138842D137C6300AE0BA9 /* 47-HundredPointsWord */ = {
			isa = PBXGroup;
			children = (
				7B1138852D137C8E00AE0BA9 /* HundredPointWordViewModel.swift */,
				7B1138892D13BB6D00AE0BA9 /* HundredPointWordView.swift */,
			);
			path = "47-HundredPointsWord";
			sourceTree = "<group>";
		};
		7B2B71812D244CA9004550FD /* 42-MeetingPoint */ = {
			isa = PBXGroup;
			children = (
				7B2B71822D244CD3004550FD /* MeetingPointViewModel.swift */,
				7B2B71872D2735EE004550FD /* MeetingPointView.swift */,
			);
			path = "42-MeetingPoint";
			sourceTree = "<group>";
		};
		7B5CB0A42D1F627700EB4328 /* 46-RacingCars */ = {
			isa = PBXGroup;
			children = (
				7B5CB0A52D1F628900EB4328 /* RacingCarsViewModel.swift */,
				7B5CB0A92D1F75C800EB4328 /* RacingCarView.swift */,
			);
			path = "46-RacingCars";
			sourceTree = "<group>";
		};
		7B7614112D08CAF500C1F610 /* 37-Colors */ = {
			isa = PBXGroup;
			children = (
				7B7614122D08CB2200C1F610 /* ColorsViewModel.swift */,
				7B7614162D08DA8100C1F610 /* ColorsView.swift */,
			);
			path = "37-Colors";
			sourceTree = "<group>";
		};
		7B7614182D08E2A700C1F610 /* 38-Adds */ = {
			isa = PBXGroup;
			children = (
				7B7614192D08E2C000C1F610 /* AddsViewModel.swift */,
				9B6FBA462D0E657F00551387 /* AddsView.swift */,
			);
			path = "38-Adds";
			sourceTree = "<group>";
		};
		7BB035F82CEE91070009A40E /* 31-Abacus */ = {
			isa = PBXGroup;
			children = (
				7BB035F92CEE911B0009A40E /* AbacusViewModel.swift */,
				9BBB69ED2CF03326003FFFEC /* AbacusView.swift */,
			);
			path = "31-Abacus";
			sourceTree = "<group>";
		};
		7BDF06AD2D000812002A720F /* 33-Tetris */ = {
			isa = PBXGroup;
			children = (
				9BA00F242D02A87900ADA9FE /* TetrisViewModel.swift */,
				7BDF06AE2D000825002A720F /* TetrisView.swift */,
			);
			path = "33-Tetris";
			sourceTree = "<group>";
		};
		7BF830542D07ADD300310514 /* 35-FirstSteps */ = {
			isa = PBXGroup;
			children = (
				7BF830552D07ADFB00310514 /* FirstStepsView.swift */,
			);
			path = "35-FirstSteps";
			sourceTree = "<group>";
		};
		9B04350C2A02F12B007D1303 /* 17-GitCommits */ = {
			isa = PBXGroup;
			children = (
				9B04350D2A02F140007D1303 /* GitCommitsViewModel.swift */,
				9BC3CCA12A1C4D110051AA92 /* GitCommitsListView.swift */,
			);
			path = "17-GitCommits";
			sourceTree = "<group>";
		};
		9B0C68B42A2986E900BD4608 /* 21-PrimeTwinsNumbers */ = {
			isa = PBXGroup;
			children = (
				9B0C68B52A29870700BD4608 /* PrimeTwinsNumberView.swift */,
				9B0C68B72A29871000BD4608 /* PrimeTwinsNumberViewModel.swift */,
			);
			path = "21-PrimeTwinsNumbers";
			sourceTree = "<group>";
		};
		9B0C68BB2A29938500BD4608 /* 22-Spiral */ = {
			isa = PBXGroup;
			children = (
				9B0C68B92A29937500BD4608 /* SpiralViewModel.swift */,
				9B0C68BC2A29939200BD4608 /* SpiralView.swift */,
			);
			path = "22-Spiral";
			sourceTree = "<group>";
		};
		9B16785A2D1537BB0023D876 /* 41-HauntedHouse */ = {
			isa = PBXGroup;
			children = (
				9B54E0432D347FEC003D6F0A /* HauntedHouseModels.swift */,
				9B16785F2D1541860023D876 /* HauntedHouseView.swift */,
				9B16785B2D1537E90023D876 /* HauntedHouseViewModel.swift */,
				9B54E0412D347FA3003D6F0A /* LiveHauntedHouseRandomizer.swift */,
			);
			path = "41-HauntedHouse";
			sourceTree = "<group>";
		};
		9B4630C429E9BD9D002D7D30 /* Fonts */ = {
			isa = PBXGroup;
			children = (
				9B4630C529E9BDB3002D7D30 /* Aurebesh Bold.otf */,
			);
			path = Fonts;
			sourceTree = "<group>";
		};
		9B4630C829E9BFCB002D7D30 /* 15-AurebeshTranslator */ = {
			isa = PBXGroup;
			children = (
				9B4630C929E9BFF7002D7D30 /* AurebeshTranslatorView.swift */,
				9B4630CB29E9D768002D7D30 /* AurebeshTranslatorViewModel.swift */,
			);
			path = "15-AurebeshTranslator";
			sourceTree = "<group>";
		};
		9B4BC2F429CE8E62005BE1D8 /* 12-Viernes13 */ = {
			isa = PBXGroup;
			children = (
				9B4BC2F529CE8EA9005BE1D8 /* FridayThirteenViewModel.swift */,
				9BF1504129D16E180083976E /* FridayThirteenView.swift */,
			);
			path = "12-Viernes13";
			sourceTree = "<group>";
		};
		9B5BF7A22D12595F000DC8B6 /* 43-WeatherSimulator */ = {
			isa = PBXGroup;
			children = (
				9B5BF7A32D12599F000DC8B6 /* WeatherSimulatorViewModel.swift */,
				9B7519692D13BFC100E20C08 /* WeatherSimulatorView.swift */,
			);
			path = "43-WeatherSimulator";
			sourceTree = "<group>";
		};
		9B5F6C9A2A257F2A0019FD83 /* 20-Triforce */ = {
			isa = PBXGroup;
			children = (
				9B5F6C9B2A257F410019FD83 /* TriforceView.swift */,
			);
			path = "20-Triforce";
			sourceTree = "<group>";
		};
		9B64FCA42D05530E004DF5CE /* TestsMocks */ = {
			isa = PBXGroup;
			children = (
				9B64FCA52D05531B004DF5CE /* TetrisMovesMock.swift */,
			);
			path = TestsMocks;
			sourceTree = "<group>";
		};
		9B75196B2D13D23D00E20C08 /* 44-MathQuiz */ = {
			isa = PBXGroup;
			children = (
				9B75196C2D13D24F00E20C08 /* MathQuizViewModel.swift */,
				9B75196E2D13D45700E20C08 /* MathQuizView.swift */,
			);
			path = "44-MathQuiz";
			sourceTree = "<group>";
		};
		9B7BD3D52CC731F200F4D0DA /* UIExamples */ = {
			isa = PBXGroup;
			children = (
				9B7BD3D62CC7320D00F4D0DA /* ButtonsExampleView.swift */,
				9BE5B41D2CD72F98007300ED /* TextFieldsExampleView.swift */,
			);
			path = UIExamples;
			sourceTree = "<group>";
		};
		9B8E095F2CC728B5008DF02D /* WCUI */ = {
			isa = PBXGroup;
			children = (
				9BFE798F2CE1999400B397E6 /* Buttons */,
				9BE5B4172CD72645007300ED /* BasicTextField.swift */,
			);
			path = WCUI;
			sourceTree = "<group>";
		};
		9B8E09602CC728C1008DF02D /* Extensions */ = {
			isa = PBXGroup;
			children = (
				9BE5B41B2CD72D16007300ED /* String+Extension.swift */,
				9B8E095D2CC72673008DF02D /* View+Extensions.swift */,
			);
			path = Extensions;
			sourceTree = "<group>";
		};
		9B9414BD29E927360080AF4F /* 14-DecimalConversion */ = {
			isa = PBXGroup;
			children = (
				9B9414BE29E927760080AF4F /* DecimalConversionViewModel.swift */,
				9B9414C029E92AD20080AF4F /* DecimalConversionView.swift */,
			);
			path = "14-DecimalConversion";
			sourceTree = "<group>";
		};
		9B9D92702A3C44BE00CA2A31 /* 24-CesarCypher */ = {
			isa = PBXGroup;
			children = (
				9B9D92712A3C44D700CA2A31 /* CesarCypherView.swift */,
				9B9D92732A3C459900CA2A31 /* CesarCypherViewModel.swift */,
			);
			path = "24-CesarCypher";
			sourceTree = "<group>";
		};
		9BA067D22D0650AB0073A5B6 /* 34-TXT */ = {
			isa = PBXGroup;
			children = (
				9BA067D32D0650EC0073A5B6 /* TXTViewModel.swift */,
				9BA067D52D0654240073A5B6 /* TXTView.swift */,
			);
			path = "34-TXT";
			sourceTree = "<group>";
		};
		9BA0F60E2CDB0072005485D5 /* MathExpression */ = {
			isa = PBXGroup;
			children = (
				9BA0F60C2CDB0072005485D5 /* MathExpressionView.swift */,
				9BA0F60D2CDB0072005485D5 /* MathExpressionViewModel.swift */,
			);
			path = MathExpression;
			sourceTree = "<group>";
		};
		9BA899B62A1DE2A500972307 /* 19-TextAnalysis */ = {
			isa = PBXGroup;
			children = (
				9BA899B42A1DDF1900972307 /* TextAnalysisViewModel.swift */,
				9BA899B72A1DE2BB00972307 /* TextAnalysisView.swift */,
			);
			path = "19-TextAnalysis";
			sourceTree = "<group>";
		};
		9BBAD4C22CB4F2CC007180ED /* WeeklyChallenges2023Tests */ = {
			isa = PBXGroup;
			children = (
				9B64FCA42D05530E004DF5CE /* TestsMocks */,
				9BBAD4C32CB4F2CC007180ED /* WeeklyChallenges2023Tests.swift */,
				9BBAD4CA2CB4F2FB007180ED /* KonamiCodeViewModelTests.swift */,
				7B0CCE882CF5387200547FF0 /* ExcelColumnViewModelTests.swift */,
				9B56F0782D054EEE0065440C /* TetrisViewModelTests.swift */,
				9BA067D82D0658550073A5B6 /* TXTViewModelTests.swift */,
				9BDCFAD22D07E6AC00442F6B /* PermutationsViewModelTests.swift */,
				7B7614142D08D1E800C1F610 /* ColorsViewModelTests.swift */,
				7B76141B2D0C942D00C1F610 /* AddsViewModelTests.swift */,
				9BC8DC232D0F579F008CFB87 /* PythagoreanTriplesViewModelTests.swift */,
				9BC8DC2A2D0F7E44008CFB87 /* MultiplicationTablesViewModelTests.swift */,
				9B5BF7A52D12A0E6000DC8B6 /* WeatherSimulatorViewModelTests.swift */,
				7B1138802D136E9300AE0BA9 /* AdventCalendarViewModelTests.swift */,
				7B1138872D13B87100AE0BA9 /* HundredPointWordViewModelTests.swift */,
				9B16785D2D1540A00023D876 /* HauntedHouseViewModelTests.swift */,
				7B5CB0A72D1F686900EB4328 /* RacingCarsViewModelTests.swift */,
				7B2B71842D244D0A004550FD /* MeetingPointViewModelTests.swift */,
			);
			path = WeeklyChallenges2023Tests;
			sourceTree = "<group>";
		};
		9BBAD4CC2CB4F8CD007180ED /* 27-Countdown */ = {
			isa = PBXGroup;
			children = (
				9BBAD4CD2CB4FA5A007180ED /* CountdownViewModel.swift */,
				9BBAD4CF2CB4FD42007180ED /* CountdownView.swift */,
			);
			path = "27-Countdown";
			sourceTree = "<group>";
		};
		9BC1364529FCF77D0095AA66 /* Views */ = {
			isa = PBXGroup;
			children = (
				3A196026295E4B2600CB283B /* 0-FizzBuzz */,
				3A4BF937296A3994000C17EA /* 1-L33t */,
				F1CD78DF29BA379300787330 /* 2-TennisGame */,
				F1D5EDDB29B6482F004D49EA /* 3-PasswordGenerator */,
				F1D5EDE429B6EE0B004D49EA /* 4-PrimeFibonachiPair */,
				F1ACEC5B29B91198003C0FCE /* 5-HolaMundo */,
				F1D0088829B7E12D00767618 /* 6-RPSLS */,
				F1ACEC5829B9106E003C0FCE /* 7-SortingHat */,
				F1D0088D29B84ADD00767618 /* 8-Pseudorandom */,
				F1ACEC5529B91011003C0FCE /* 9-Hete-Iso-Pan grama */,
				F1ACEC5E29B911E0003C0FCE /* 10-API */,
				F121182B29C40A1A00818C6C /* 11-URLParams */,
				9B4BC2F429CE8E62005BE1D8 /* 12-Viernes13 */,
				9BF72A3129E683FC0046FF82 /* 13-WordGuess */,
				9B9414BD29E927360080AF4F /* 14-DecimalConversion */,
				9B4630C829E9BFCB002D7D30 /* 15-AurebeshTranslator */,
				9BC1364629FCF78E0095AA66 /* 16-Ladder */,
				9B04350C2A02F12B007D1303 /* 17-GitCommits */,
				9BC3CCA32A1C6C640051AA92 /* 18-Web Scraping */,
				9BA899B62A1DE2A500972307 /* 19-TextAnalysis */,
				9B5F6C9A2A257F2A0019FD83 /* 20-Triforce */,
				9B0C68B42A2986E900BD4608 /* 21-PrimeTwinsNumbers */,
				9B0C68BB2A29938500BD4608 /* 22-Spiral */,
				9B9D92702A3C44BE00CA2A31 /* 24-CesarCypher */,
				9BFB3B602CB262BD009966F1 /* 25-KonamiCode */,
				9BBAD4CC2CB4F8CD007180ED /* 27-Countdown */,
				9BE5B4142CD7258F007300ED /* 29-InfiltratedCharacter */,
				9BE5B4202CD735FA007300ED /* 30-T9Keyboard */,
				7BB035F82CEE91070009A40E /* 31-Abacus */,
				7B0CCE852CF5345A00547FF0 /* 32-ExcelColumn */,
				7BDF06AD2D000812002A720F /* 33-Tetris */,
				9BA067D22D0650AB0073A5B6 /* 34-TXT */,
				7BF830542D07ADD300310514 /* 35-FirstSteps */,
				9BDCFACF2D07E2F900442F6B /* 36-Permutations */,
				7B7614112D08CAF500C1F610 /* 37-Colors */,
				7B7614182D08E2A700C1F610 /* 38-Adds */,
				9BC8DC202D0F5731008CFB87 /* 39-PythagoreanTriplesView */,
				9BC8DC272D0F7D37008CFB87 /* 40-MultiplicationTables */,
				9B16785A2D1537BB0023D876 /* 41-HauntedHouse */,
				7B2B71812D244CA9004550FD /* 42-MeetingPoint */,
				9B5BF7A22D12595F000DC8B6 /* 43-WeatherSimulator */,
				9B75196B2D13D23D00E20C08 /* 44-MathQuiz */,
				7B11387D2D136C7600AE0BA9 /* 45-AdventCalendar */,
				7B5CB0A42D1F627700EB4328 /* 46-RacingCars */,
				7B1138842D137C6300AE0BA9 /* 47-HundredPointsWord */,
				9BA0F60E2CDB0072005485D5 /* MathExpression */,
				9B7BD3D52CC731F200F4D0DA /* UIExamples */,
			);
			path = Views;
			sourceTree = "<group>";
		};
		9BC1364629FCF78E0095AA66 /* 16-Ladder */ = {
			isa = PBXGroup;
			children = (
				9BC1364729FCF7A30095AA66 /* LadderView.swift */,
				9BC1364929FCF7AF0095AA66 /* LadderViewModel.swift */,
			);
			path = "16-Ladder";
			sourceTree = "<group>";
		};
		9BC3CC9E2A1C44340051AA92 /* Helpers */ = {
			isa = PBXGroup;
			children = (
				9B8E095F2CC728B5008DF02D /* WCUI */,
				9B8E09602CC728C1008DF02D /* Extensions */,
				9BC3CC9F2A1C44430051AA92 /* ServiceLayer.swift */,
			);
			path = Helpers;
			sourceTree = "<group>";
		};
		9BC3CCA32A1C6C640051AA92 /* 18-Web Scraping */ = {
			isa = PBXGroup;
			children = (
				9BC3CCA42A1C6C870051AA92 /* WebScrapingViewModel.swift */,
				9BC3CCA62A1C6D3A0051AA92 /* WebScrapingView.swift */,
			);
			path = "18-Web Scraping";
			sourceTree = "<group>";
		};
		9BC8DC202D0F5731008CFB87 /* 39-PythagoreanTriplesView */ = {
			isa = PBXGroup;
			children = (
				9BC8DC212D0F5748008CFB87 /* PythagoreanTriplesViewModel.swift */,
				9BC8DC252D0F7774008CFB87 /* PythagoreanTriplesView.swift */,
			);
			path = "39-PythagoreanTriplesView";
			sourceTree = "<group>";
		};
		9BC8DC272D0F7D37008CFB87 /* 40-MultiplicationTables */ = {
			isa = PBXGroup;
			children = (
				9BC8DC282D0F7D49008CFB87 /* MultiplicationTablesViewModel.swift */,
				9BC8DC2C2D0F8049008CFB87 /* MultiplicationTablesView.swift */,
			);
			path = "40-MultiplicationTables";
			sourceTree = "<group>";
		};
		9BDCFACF2D07E2F900442F6B /* 36-Permutations */ = {
			isa = PBXGroup;
			children = (
				9BDCFAD02D07E31500442F6B /* PermutationsViewModel.swift */,
				9B6FBA442D0E5DAB00551387 /* PermutationsView.swift */,
			);
			path = "36-Permutations";
			sourceTree = "<group>";
		};
		9BE5B4142CD7258F007300ED /* 29-InfiltratedCharacter */ = {
			isa = PBXGroup;
			children = (
				9BE5B4192CD72A52007300ED /* InfiltratedCharacterViewModel.swift */,
				9BE5B4152CD725B3007300ED /* InfiltratedCharacterView.swift */,
			);
			path = "29-InfiltratedCharacter";
			sourceTree = "<group>";
		};
		9BE5B4202CD735FA007300ED /* 30-T9Keyboard */ = {
			isa = PBXGroup;
			children = (
				9BE5B4212CD73603007300ED /* T9KeyboardViewModel.swift */,
				9BE5B4232CD738F7007300ED /* T9KeyboardView.swift */,
			);
			path = "30-T9Keyboard";
			sourceTree = "<group>";
		};
		9BF72A3129E683FC0046FF82 /* 13-WordGuess */ = {
			isa = PBXGroup;
			children = (
				9BF72A3229E684230046FF82 /* WordList.swift */,
				9BF72A3429E6847B0046FF82 /* WordGuessViewModel.swift */,
				9BF72A3629E6897D0046FF82 /* WordGuessView.swift */,
			);
			path = "13-WordGuess";
			sourceTree = "<group>";
		};
		9BFB3B602CB262BD009966F1 /* 25-KonamiCode */ = {
			isa = PBXGroup;
			children = (
				9BFB3B612CB262D5009966F1 /* KonamiCodeView.swift */,
				9B9D57CD2CB31881009ABA52 /* KonamiCodeViewModel.swift */,
			);
			path = "25-KonamiCode";
			sourceTree = "<group>";
		};
		9BFE798F2CE1999400B397E6 /* Buttons */ = {
			isa = PBXGroup;
			children = (
				9B8E09612CC728F0008DF02D /* BasicButton.swift */,
				9BFE79902CE199B400B397E6 /* TwoLabelButton.swift */,
			);
			path = Buttons;
			sourceTree = "<group>";
		};
		F121182B29C40A1A00818C6C /* 11-URLParams */ = {
			isa = PBXGroup;
			children = (
				F121182C29C40A2800818C6C /* URLParamsView.swift */,
				F121182E29C40CC800818C6C /* URLParamsViewModel.swift */,
			);
			path = "11-URLParams";
			sourceTree = "<group>";
		};
		F1ACEC5529B91011003C0FCE /* 9-Hete-Iso-Pan grama */ = {
			isa = PBXGroup;
			children = (
				F1ACEC5629B91032003C0FCE /* Hete-Iso-PangramaView.swift */,
				F1ACEC6129B9145B003C0FCE /* Hete-Iso-PangramaViewModel.swift */,
			);
			path = "9-Hete-Iso-Pan grama";
			sourceTree = "<group>";
		};
		F1ACEC5829B9106E003C0FCE /* 7-SortingHat */ = {
			isa = PBXGroup;
			children = (
				F1ACEC5929B9107E003C0FCE /* SortingHatView.swift */,
				F1CD78E429BA6B9700787330 /* SortingHatViewModel.swift */,
			);
			path = "7-SortingHat";
			sourceTree = "<group>";
		};
		F1ACEC5B29B91198003C0FCE /* 5-HolaMundo */ = {
			isa = PBXGroup;
			children = (
				F1ACEC5C29B911C3003C0FCE /* HolaMundoView.swift */,
			);
			path = "5-HolaMundo";
			sourceTree = "<group>";
		};
		F1ACEC5E29B911E0003C0FCE /* 10-API */ = {
			isa = PBXGroup;
			children = (
				F1ACEC5F29B911EC003C0FCE /* APIView.swift */,
				F1ACEC6329B9B032003C0FCE /* APIViewModel.swift */,
			);
			path = "10-API";
			sourceTree = "<group>";
		};
		F1CD78DF29BA379300787330 /* 2-TennisGame */ = {
			isa = PBXGroup;
			children = (
				F1CD78E029BA37A400787330 /* TennisGameView.swift */,
				F1CD78E229BA3CE100787330 /* TennisGameViewModel.swift */,
			);
			path = "2-TennisGame";
			sourceTree = "<group>";
		};
		F1D0088829B7E12D00767618 /* 6-RPSLS */ = {
			isa = PBXGroup;
			children = (
				F1D0088929B7E13F00767618 /* RPSLSView.swift */,
				F1D0088B29B7E17D00767618 /* RPSLSViewModel.swift */,
			);
			path = "6-RPSLS";
			sourceTree = "<group>";
		};
		F1D0088D29B84ADD00767618 /* 8-Pseudorandom */ = {
			isa = PBXGroup;
			children = (
				F1D0089029B84B1200767618 /* Pseudorandom.swift */,
			);
			path = "8-Pseudorandom";
			sourceTree = "<group>";
		};
		F1D5EDDB29B6482F004D49EA /* 3-PasswordGenerator */ = {
			isa = PBXGroup;
			children = (
				F1D5EDDC29B6489A004D49EA /* PassWordGeneratorView.swift */,
				F1D5EDDE29B648A8004D49EA /* PasswordGeneratorViewModel.swift */,
				F1D5EDE229B6BB59004D49EA /* SwitchButton.swift */,
			);
			path = "3-PasswordGenerator";
			sourceTree = "<group>";
		};
		F1D5EDE429B6EE0B004D49EA /* 4-PrimeFibonachiPair */ = {
			isa = PBXGroup;
			children = (
				F1D5EDE529B6EE23004D49EA /* PrimeFibonachiPairView.swift */,
				F1D5EDE729B6EE8C004D49EA /* PrimeFibonachiPairViewModel.swift */,
			);
			path = "4-PrimeFibonachiPair";
			sourceTree = "<group>";
		};
/* End PBXGroup section */

/* Begin PBXNativeTarget section */
		3A196013295E4B1600CB283B /* WeeklyChallenges2023 */ = {
			isa = PBXNativeTarget;
			buildConfigurationList = 3A196023295E4B1900CB283B /* Build configuration list for PBXNativeTarget "WeeklyChallenges2023" */;
			buildPhases = (
				3A196010295E4B1600CB283B /* Sources */,
				3A196011295E4B1600CB283B /* Frameworks */,
				3A196012295E4B1600CB283B /* Resources */,
			);
			buildRules = (
			);
			dependencies = (
			);
			name = WeeklyChallenges2023;
			productName = WeeklyChallenges2023;
			productReference = 3A196014295E4B1600CB283B /* WeeklyChallenges2023.app */;
			productType = "com.apple.product-type.application";
		};
		9BBAD4C02CB4F2CC007180ED /* WeeklyChallenges2023Tests */ = {
			isa = PBXNativeTarget;
			buildConfigurationList = 9BBAD4C92CB4F2CC007180ED /* Build configuration list for PBXNativeTarget "WeeklyChallenges2023Tests" */;
			buildPhases = (
				9BBAD4BD2CB4F2CC007180ED /* Sources */,
				9BBAD4BE2CB4F2CC007180ED /* Frameworks */,
				9BBAD4BF2CB4F2CC007180ED /* Resources */,
			);
			buildRules = (
			);
			dependencies = (
				9BBAD4C62CB4F2CC007180ED /* PBXTargetDependency */,
			);
			name = WeeklyChallenges2023Tests;
			productName = WeeklyChallenges2023Tests;
			productReference = 9BBAD4C12CB4F2CC007180ED /* WeeklyChallenges2023Tests.xctest */;
			productType = "com.apple.product-type.bundle.unit-test";
		};
/* End PBXNativeTarget section */

/* Begin PBXProject section */
		3A19600C295E4B1600CB283B /* Project object */ = {
			isa = PBXProject;
			attributes = {
				BuildIndependentTargetsInParallel = 1;
				LastSwiftUpdateCheck = 1430;
				LastUpgradeCheck = 1430;
				TargetAttributes = {
					3A196013295E4B1600CB283B = {
						CreatedOnToolsVersion = 14.2;
					};
					9BBAD4C02CB4F2CC007180ED = {
						CreatedOnToolsVersion = 14.3.1;
						TestTargetID = 3A196013295E4B1600CB283B;
					};
				};
			};
			buildConfigurationList = 3A19600F295E4B1600CB283B /* Build configuration list for PBXProject "WeeklyChallenges2023" */;
			compatibilityVersion = "Xcode 14.0";
			developmentRegion = en;
			hasScannedForEncodings = 0;
			knownRegions = (
				en,
				Base,
			);
			mainGroup = 3A19600B295E4B1600CB283B;
			productRefGroup = 3A196015295E4B1600CB283B /* Products */;
			projectDirPath = "";
			projectRoot = "";
			targets = (
				3A196013295E4B1600CB283B /* WeeklyChallenges2023 */,
				9BBAD4C02CB4F2CC007180ED /* WeeklyChallenges2023Tests */,
			);
		};
/* End PBXProject section */

/* Begin PBXResourcesBuildPhase section */
		3A196012295E4B1600CB283B /* Resources */ = {
			isa = PBXResourcesBuildPhase;
			buildActionMask = 2147483647;
			files = (
				9BC1364B29FD02350095AA66 /* Aurebesh Bold.otf in Resources */,
				3A19601F295E4B1900CB283B /* Preview Assets.xcassets in Resources */,
				3A19601C295E4B1900CB283B /* Assets.xcassets in Resources */,
				F1D5EDE129B6B866004D49EA /* LaunchScreen.storyboard in Resources */,
			);
			runOnlyForDeploymentPostprocessing = 0;
		};
		9BBAD4BF2CB4F2CC007180ED /* Resources */ = {
			isa = PBXResourcesBuildPhase;
			buildActionMask = 2147483647;
			files = (
			);
			runOnlyForDeploymentPostprocessing = 0;
		};
/* End PBXResourcesBuildPhase section */

/* Begin PBXSourcesBuildPhase section */
		3A196010295E4B1600CB283B /* Sources */ = {
			isa = PBXSourcesBuildPhase;
			buildActionMask = 2147483647;
			files = (
				9BDCFAD12D07E31C00442F6B /* PermutationsViewModel.swift in Sources */,
				7B1138862D137C8E00AE0BA9 /* HundredPointWordViewModel.swift in Sources */,
				9BE5B4182CD72645007300ED /* BasicTextField.swift in Sources */,
				9B4BC2F629CE8EA9005BE1D8 /* FridayThirteenViewModel.swift in Sources */,
				9B4630CA29E9BFF7002D7D30 /* AurebeshTranslatorView.swift in Sources */,
				9BFB3B622CB262D5009966F1 /* KonamiCodeView.swift in Sources */,
				9B6FBA452D0E5DAB00551387 /* PermutationsView.swift in Sources */,
				9BE5B4162CD725B3007300ED /* InfiltratedCharacterView.swift in Sources */,
				9B54E0442D347FFA003D6F0A /* HauntedHouseModels.swift in Sources */,
				9BE5B41A2CD72A5E007300ED /* InfiltratedCharacterViewModel.swift in Sources */,
				9B9D92742A3C459900CA2A31 /* CesarCypherViewModel.swift in Sources */,
				9BF72A3329E684230046FF82 /* WordList.swift in Sources */,
				9BE5B4242CD738F7007300ED /* T9KeyboardView.swift in Sources */,
				F121182F29C40CC800818C6C /* URLParamsViewModel.swift in Sources */,
				9BE5B41E2CD72F98007300ED /* TextFieldsExampleView.swift in Sources */,
				3A4BF93D296A3A06000C17EA /* L33tView.swift in Sources */,
				9B0C68BA2A29937500BD4608 /* SpiralViewModel.swift in Sources */,
				9B9414BF29E927760080AF4F /* DecimalConversionViewModel.swift in Sources */,
				9B75196D2D13D25600E20C08 /* MathQuizViewModel.swift in Sources */,
				9BC3CCA52A1C6C870051AA92 /* WebScrapingViewModel.swift in Sources */,
				F121182D29C40A2800818C6C /* URLParamsView.swift in Sources */,
				9B9414C129E92AD20080AF4F /* DecimalConversionView.swift in Sources */,
				9BA899B82A1DE2BB00972307 /* TextAnalysisView.swift in Sources */,
				9BA00F252D02A87F00ADA9FE /* TetrisViewModel.swift in Sources */,
				7B76141A2D08E2C000C1F610 /* AddsViewModel.swift in Sources */,
				9B5F6C9C2A257F410019FD83 /* TriforceView.swift in Sources */,
				9BC8DC292D0F7D52008CFB87 /* MultiplicationTablesViewModel.swift in Sources */,
				9BC8DC222D0F5751008CFB87 /* PythagoreanTriplesViewModel.swift in Sources */,
				F1ACEC6229B9145B003C0FCE /* Hete-Iso-PangramaViewModel.swift in Sources */,
				F1D0088C29B7E17D00767618 /* RPSLSViewModel.swift in Sources */,
				9BFE79912CE199B400B397E6 /* TwoLabelButton.swift in Sources */,
				F1ACEC5D29B911C3003C0FCE /* HolaMundoView.swift in Sources */,
				7B7614172D08DA8100C1F610 /* ColorsView.swift in Sources */,
				F1CD78E529BA6B9700787330 /* SortingHatViewModel.swift in Sources */,
				9BBAD4D02CB4FD42007180ED /* CountdownView.swift in Sources */,
				9BE5B4222CD7360A007300ED /* T9KeyboardViewModel.swift in Sources */,
				9B9D57CE2CB31881009ABA52 /* KonamiCodeViewModel.swift in Sources */,
				7B7614132D08CB2200C1F610 /* ColorsViewModel.swift in Sources */,
				9B04350E2A02F140007D1303 /* GitCommitsViewModel.swift in Sources */,
				9B0C68BD2A29939200BD4608 /* SpiralView.swift in Sources */,
				9B7BD3D72CC7320D00F4D0DA /* ButtonsExampleView.swift in Sources */,
				9B6FBA472D0E657F00551387 /* AddsView.swift in Sources */,
				9BC3CCA02A1C44430051AA92 /* ServiceLayer.swift in Sources */,
				9B9D92722A3C44D700CA2A31 /* CesarCypherView.swift in Sources */,
				9BC1364A29FCF7AF0095AA66 /* LadderViewModel.swift in Sources */,
				3A4BF939296A39B6000C17EA /* L33tAlphabets.swift in Sources */,
				F1D5EDE829B6EE8C004D49EA /* PrimeFibonachiPairViewModel.swift in Sources */,
				7B11387F2D136C9000AE0BA9 /* AdventCalendarViewModel.swift in Sources */,
				9BBB69EE2CF03326003FFFEC /* AbacusView.swift in Sources */,
				9BA067D42D0650F20073A5B6 /* TXTViewModel.swift in Sources */,
				7B2B71832D244CD9004550FD /* MeetingPointViewModel.swift in Sources */,
				F1D5EDE329B6BB59004D49EA /* SwitchButton.swift in Sources */,
				7B11388A2D13BB6D00AE0BA9 /* HundredPointWordView.swift in Sources */,
				F1ACEC6429B9B032003C0FCE /* APIViewModel.swift in Sources */,
				9BE5B41C2CD72D1D007300ED /* String+Extension.swift in Sources */,
				3A196028295E50AB00CB283B /* FizzBuzzView.swift in Sources */,
				F1CD78E329BA3CE100787330 /* TennisGameViewModel.swift in Sources */,
				F1ACEC5729B91032003C0FCE /* Hete-Iso-PangramaView.swift in Sources */,
				9B8E095E2CC72680008DF02D /* View+Extensions.swift in Sources */,
				9B4630CC29E9D768002D7D30 /* AurebeshTranslatorViewModel.swift in Sources */,
				9BA067D62D0654240073A5B6 /* TXTView.swift in Sources */,
				7B0CCE872CF5347B00547FF0 /* ExcelColumnViewModel.swift in Sources */,
				F1D5EDDD29B6489A004D49EA /* PassWordGeneratorView.swift in Sources */,
				9BA0F60F2CDB0072005485D5 /* MathExpressionViewModel.swift in Sources */,
				9BA0F6102CDB0072005485D5 /* MathExpressionView.swift in Sources */,
				3A19601A295E4B1700CB283B /* ContentView.swift in Sources */,
				9BC3CCA22A1C4D110051AA92 /* GitCommitsListView.swift in Sources */,
				7BF830562D07ADFB00310514 /* FirstStepsView.swift in Sources */,
				9BC1364829FCF7A30095AA66 /* LadderView.swift in Sources */,
				F1CD78E129BA37A400787330 /* TennisGameView.swift in Sources */,
				7B5CB0A62D1F629100EB4328 /* RacingCarsViewModel.swift in Sources */,
				F1D0089129B84B1200767618 /* Pseudorandom.swift in Sources */,
				9BF72A3729E6897D0046FF82 /* WordGuessView.swift in Sources */,
				9BF1504229D16E180083976E /* FridayThirteenView.swift in Sources */,
				7B0CCE8B2CF543A200547FF0 /* ExcelColumnView.swift in Sources */,
				9B8E09622CC728F0008DF02D /* BasicButton.swift in Sources */,
				7BDF06AF2D000825002A720F /* TetrisView.swift in Sources */,
				F1D5EDE629B6EE23004D49EA /* PrimeFibonachiPairView.swift in Sources */,
				9B0C68B82A29871000BD4608 /* PrimeTwinsNumberViewModel.swift in Sources */,
				9B75196A2D13BFC100E20C08 /* WeatherSimulatorView.swift in Sources */,
				3A4BF93B296A39DF000C17EA /* L33tStringExtensions.swift in Sources */,
				9B54E0422D347FA8003D6F0A /* LiveHauntedHouseRandomizer.swift in Sources */,
				F1D0088A29B7E13F00767618 /* RPSLSView.swift in Sources */,
				9BC3CCA72A1C6D3A0051AA92 /* WebScrapingView.swift in Sources */,
				9BC8DC2D2D0F8049008CFB87 /* MultiplicationTablesView.swift in Sources */,
				9B75196F2D13D45700E20C08 /* MathQuizView.swift in Sources */,
				7B5CB0AA2D1F75C900EB4328 /* RacingCarView.swift in Sources */,
				F1ACEC5A29B9107E003C0FCE /* SortingHatView.swift in Sources */,
				F1ACEC6029B911EC003C0FCE /* APIView.swift in Sources */,
				F1D5EDDF29B648A8004D49EA /* PasswordGeneratorViewModel.swift in Sources */,
				9BF72A3529E6847B0046FF82 /* WordGuessViewModel.swift in Sources */,
				9B0C68B62A29870700BD4608 /* PrimeTwinsNumberView.swift in Sources */,
				7B1138832D13751200AE0BA9 /* AdventCalendarView.swift in Sources */,
				3A196018295E4B1600CB283B /* WeeklyChallenges2023App.swift in Sources */,
				9B1678602D1541860023D876 /* HauntedHouseView.swift in Sources */,
				9B16785C2D1537F10023D876 /* HauntedHouseViewModel.swift in Sources */,
				9BA899B52A1DDF1900972307 /* TextAnalysisViewModel.swift in Sources */,
				9BBAD4CE2CB4FA5A007180ED /* CountdownViewModel.swift in Sources */,
				9B5BF7A42D12599F000DC8B6 /* WeatherSimulatorViewModel.swift in Sources */,
				7BB035FA2CEE911B0009A40E /* AbacusViewModel.swift in Sources */,
				9BC8DC262D0F7774008CFB87 /* PythagoreanTriplesView.swift in Sources */,
				7B2B71882D2735EE004550FD /* MeetingPointView.swift in Sources */,
			);
			runOnlyForDeploymentPostprocessing = 0;
		};
		9BBAD4BD2CB4F2CC007180ED /* Sources */ = {
			isa = PBXSourcesBuildPhase;
			buildActionMask = 2147483647;
			files = (
				7B5CB0A82D1F686900EB4328 /* RacingCarsViewModelTests.swift in Sources */,
				7B0CCE892CF5387200547FF0 /* ExcelColumnViewModelTests.swift in Sources */,
				7B2B71852D244D0A004550FD /* MeetingPointViewModelTests.swift in Sources */,
				9BBAD4CB2CB4F2FB007180ED /* KonamiCodeViewModelTests.swift in Sources */,
				7B1138882D13B87100AE0BA9 /* HundredPointWordViewModelTests.swift in Sources */,
				9B64FCA62D055327004DF5CE /* TetrisMovesMock.swift in Sources */,
				9BBAD4C42CB4F2CC007180ED /* WeeklyChallenges2023Tests.swift in Sources */,
				9B16785E2D1540A00023D876 /* HauntedHouseViewModelTests.swift in Sources */,
				7B7614152D08D1E800C1F610 /* ColorsViewModelTests.swift in Sources */,
				7B76141C2D0C942D00C1F610 /* AddsViewModelTests.swift in Sources */,
				9B56F0792D054EEF0065440C /* TetrisViewModelTests.swift in Sources */,
				9BDCFAD32D07E6AC00442F6B /* PermutationsViewModelTests.swift in Sources */,
				7B1138812D136E9300AE0BA9 /* AdventCalendarViewModelTests.swift in Sources */,
				9BA067D92D0658550073A5B6 /* TXTViewModelTests.swift in Sources */,
				9BC8DC2B2D0F7E44008CFB87 /* MultiplicationTablesViewModelTests.swift in Sources */,
				9B5BF7A62D12A0E6000DC8B6 /* WeatherSimulatorViewModelTests.swift in Sources */,
				9BC8DC242D0F579F008CFB87 /* PythagoreanTriplesViewModelTests.swift in Sources */,
			);
			runOnlyForDeploymentPostprocessing = 0;
		};
/* End PBXSourcesBuildPhase section */

/* Begin PBXTargetDependency section */
		9BBAD4C62CB4F2CC007180ED /* PBXTargetDependency */ = {
			isa = PBXTargetDependency;
			target = 3A196013295E4B1600CB283B /* WeeklyChallenges2023 */;
			targetProxy = 9BBAD4C52CB4F2CC007180ED /* PBXContainerItemProxy */;
		};
/* End PBXTargetDependency section */

/* Begin XCBuildConfiguration section */
		3A196021295E4B1900CB283B /* Debug */ = {
			isa = XCBuildConfiguration;
			buildSettings = {
				ALWAYS_SEARCH_USER_PATHS = NO;
				CLANG_ANALYZER_NONNULL = YES;
				CLANG_ANALYZER_NUMBER_OBJECT_CONVERSION = YES_AGGRESSIVE;
				CLANG_CXX_LANGUAGE_STANDARD = "gnu++20";
				CLANG_ENABLE_MODULES = YES;
				CLANG_ENABLE_OBJC_ARC = YES;
				CLANG_ENABLE_OBJC_WEAK = YES;
				CLANG_WARN_BLOCK_CAPTURE_AUTORELEASING = YES;
				CLANG_WARN_BOOL_CONVERSION = YES;
				CLANG_WARN_COMMA = YES;
				CLANG_WARN_CONSTANT_CONVERSION = YES;
				CLANG_WARN_DEPRECATED_OBJC_IMPLEMENTATIONS = YES;
				CLANG_WARN_DIRECT_OBJC_ISA_USAGE = YES_ERROR;
				CLANG_WARN_DOCUMENTATION_COMMENTS = YES;
				CLANG_WARN_EMPTY_BODY = YES;
				CLANG_WARN_ENUM_CONVERSION = YES;
				CLANG_WARN_INFINITE_RECURSION = YES;
				CLANG_WARN_INT_CONVERSION = YES;
				CLANG_WARN_NON_LITERAL_NULL_CONVERSION = YES;
				CLANG_WARN_OBJC_IMPLICIT_RETAIN_SELF = YES;
				CLANG_WARN_OBJC_LITERAL_CONVERSION = YES;
				CLANG_WARN_OBJC_ROOT_CLASS = YES_ERROR;
				CLANG_WARN_QUOTED_INCLUDE_IN_FRAMEWORK_HEADER = YES;
				CLANG_WARN_RANGE_LOOP_ANALYSIS = YES;
				CLANG_WARN_STRICT_PROTOTYPES = YES;
				CLANG_WARN_SUSPICIOUS_MOVE = YES;
				CLANG_WARN_UNGUARDED_AVAILABILITY = YES_AGGRESSIVE;
				CLANG_WARN_UNREACHABLE_CODE = YES;
				CLANG_WARN__DUPLICATE_METHOD_MATCH = YES;
				COPY_PHASE_STRIP = NO;
				DEAD_CODE_STRIPPING = YES;
				DEBUG_INFORMATION_FORMAT = dwarf;
				ENABLE_STRICT_OBJC_MSGSEND = YES;
				ENABLE_TESTABILITY = YES;
				GCC_C_LANGUAGE_STANDARD = gnu11;
				GCC_DYNAMIC_NO_PIC = NO;
				GCC_NO_COMMON_BLOCKS = YES;
				GCC_OPTIMIZATION_LEVEL = 0;
				GCC_PREPROCESSOR_DEFINITIONS = (
					"DEBUG=1",
					"$(inherited)",
				);
				GCC_WARN_64_TO_32_BIT_CONVERSION = YES;
				GCC_WARN_ABOUT_RETURN_TYPE = YES_ERROR;
				GCC_WARN_UNDECLARED_SELECTOR = YES;
				GCC_WARN_UNINITIALIZED_AUTOS = YES_AGGRESSIVE;
				GCC_WARN_UNUSED_FUNCTION = YES;
				GCC_WARN_UNUSED_VARIABLE = YES;
				MACOSX_DEPLOYMENT_TARGET = 12.5;
				MTL_ENABLE_DEBUG_INFO = INCLUDE_SOURCE;
				MTL_FAST_MATH = YES;
				ONLY_ACTIVE_ARCH = YES;
				SDKROOT = macosx;
				SWIFT_ACTIVE_COMPILATION_CONDITIONS = DEBUG;
				SWIFT_OPTIMIZATION_LEVEL = "-Onone";
			};
			name = Debug;
		};
		3A196022295E4B1900CB283B /* Release */ = {
			isa = XCBuildConfiguration;
			buildSettings = {
				ALWAYS_SEARCH_USER_PATHS = NO;
				CLANG_ANALYZER_NONNULL = YES;
				CLANG_ANALYZER_NUMBER_OBJECT_CONVERSION = YES_AGGRESSIVE;
				CLANG_CXX_LANGUAGE_STANDARD = "gnu++20";
				CLANG_ENABLE_MODULES = YES;
				CLANG_ENABLE_OBJC_ARC = YES;
				CLANG_ENABLE_OBJC_WEAK = YES;
				CLANG_WARN_BLOCK_CAPTURE_AUTORELEASING = YES;
				CLANG_WARN_BOOL_CONVERSION = YES;
				CLANG_WARN_COMMA = YES;
				CLANG_WARN_CONSTANT_CONVERSION = YES;
				CLANG_WARN_DEPRECATED_OBJC_IMPLEMENTATIONS = YES;
				CLANG_WARN_DIRECT_OBJC_ISA_USAGE = YES_ERROR;
				CLANG_WARN_DOCUMENTATION_COMMENTS = YES;
				CLANG_WARN_EMPTY_BODY = YES;
				CLANG_WARN_ENUM_CONVERSION = YES;
				CLANG_WARN_INFINITE_RECURSION = YES;
				CLANG_WARN_INT_CONVERSION = YES;
				CLANG_WARN_NON_LITERAL_NULL_CONVERSION = YES;
				CLANG_WARN_OBJC_IMPLICIT_RETAIN_SELF = YES;
				CLANG_WARN_OBJC_LITERAL_CONVERSION = YES;
				CLANG_WARN_OBJC_ROOT_CLASS = YES_ERROR;
				CLANG_WARN_QUOTED_INCLUDE_IN_FRAMEWORK_HEADER = YES;
				CLANG_WARN_RANGE_LOOP_ANALYSIS = YES;
				CLANG_WARN_STRICT_PROTOTYPES = YES;
				CLANG_WARN_SUSPICIOUS_MOVE = YES;
				CLANG_WARN_UNGUARDED_AVAILABILITY = YES_AGGRESSIVE;
				CLANG_WARN_UNREACHABLE_CODE = YES;
				CLANG_WARN__DUPLICATE_METHOD_MATCH = YES;
				COPY_PHASE_STRIP = NO;
				DEAD_CODE_STRIPPING = YES;
				DEBUG_INFORMATION_FORMAT = "dwarf-with-dsym";
				ENABLE_NS_ASSERTIONS = NO;
				ENABLE_STRICT_OBJC_MSGSEND = YES;
				GCC_C_LANGUAGE_STANDARD = gnu11;
				GCC_NO_COMMON_BLOCKS = YES;
				GCC_WARN_64_TO_32_BIT_CONVERSION = YES;
				GCC_WARN_ABOUT_RETURN_TYPE = YES_ERROR;
				GCC_WARN_UNDECLARED_SELECTOR = YES;
				GCC_WARN_UNINITIALIZED_AUTOS = YES_AGGRESSIVE;
				GCC_WARN_UNUSED_FUNCTION = YES;
				GCC_WARN_UNUSED_VARIABLE = YES;
				MACOSX_DEPLOYMENT_TARGET = 12.5;
				MTL_ENABLE_DEBUG_INFO = NO;
				MTL_FAST_MATH = YES;
				SDKROOT = macosx;
				SWIFT_COMPILATION_MODE = wholemodule;
				SWIFT_OPTIMIZATION_LEVEL = "-O";
			};
			name = Release;
		};
		3A196024295E4B1900CB283B /* Debug */ = {
			isa = XCBuildConfiguration;
			buildSettings = {
				ASSETCATALOG_COMPILER_APPICON_NAME = AppIcon;
				ASSETCATALOG_COMPILER_GLOBAL_ACCENT_COLOR_NAME = AccentColor;
				CODE_SIGN_ENTITLEMENTS = WeeklyChallenges2023/WeeklyChallenges2023.entitlements;
				CODE_SIGN_STYLE = Automatic;
				COMBINE_HIDPI_IMAGES = YES;
				CURRENT_PROJECT_VERSION = 1;
				DEAD_CODE_STRIPPING = YES;
				DEVELOPMENT_ASSET_PATHS = "\"WeeklyChallenges2023/Preview Content\"";
				DEVELOPMENT_TEAM = 499H3YDN7T;
				ENABLE_HARDENED_RUNTIME = YES;
				ENABLE_PREVIEWS = YES;
				GENERATE_INFOPLIST_FILE = YES;
				INFOPLIST_FILE = WeeklyChallenges2023/Info.plist;
				INFOPLIST_KEY_NSHumanReadableCopyright = "";
				INFOPLIST_KEY_UILaunchStoryboardName = LaunchScreen.storyboard;
				IPHONEOS_DEPLOYMENT_TARGET = 16.4;
				LD_RUNPATH_SEARCH_PATHS = (
					"$(inherited)",
					"@executable_path/../Frameworks",
				);
				MARKETING_VERSION = 1.0;
				PRODUCT_BUNDLE_IDENTIFIER = saaveguillermo.WeeklyChallenges2023;
				PRODUCT_NAME = "$(TARGET_NAME)";
				SUPPORTED_PLATFORMS = "iphoneos iphonesimulator";
				SUPPORTS_MACCATALYST = NO;
				SUPPORTS_MAC_DESIGNED_FOR_IPHONE_IPAD = NO;
				SWIFT_EMIT_LOC_STRINGS = YES;
				SWIFT_VERSION = 5.0;
				TARGETED_DEVICE_FAMILY = 1;
			};
			name = Debug;
		};
		3A196025295E4B1900CB283B /* Release */ = {
			isa = XCBuildConfiguration;
			buildSettings = {
				ASSETCATALOG_COMPILER_APPICON_NAME = AppIcon;
				ASSETCATALOG_COMPILER_GLOBAL_ACCENT_COLOR_NAME = AccentColor;
				CODE_SIGN_ENTITLEMENTS = WeeklyChallenges2023/WeeklyChallenges2023.entitlements;
				CODE_SIGN_STYLE = Automatic;
				COMBINE_HIDPI_IMAGES = YES;
				CURRENT_PROJECT_VERSION = 1;
				DEAD_CODE_STRIPPING = YES;
				DEVELOPMENT_ASSET_PATHS = "\"WeeklyChallenges2023/Preview Content\"";
				DEVELOPMENT_TEAM = 499H3YDN7T;
				ENABLE_HARDENED_RUNTIME = YES;
				ENABLE_PREVIEWS = YES;
				GENERATE_INFOPLIST_FILE = YES;
				INFOPLIST_FILE = WeeklyChallenges2023/Info.plist;
				INFOPLIST_KEY_NSHumanReadableCopyright = "";
				INFOPLIST_KEY_UILaunchStoryboardName = LaunchScreen.storyboard;
				IPHONEOS_DEPLOYMENT_TARGET = 16.4;
				LD_RUNPATH_SEARCH_PATHS = (
					"$(inherited)",
					"@executable_path/../Frameworks",
				);
				MARKETING_VERSION = 1.0;
				PRODUCT_BUNDLE_IDENTIFIER = saaveguillermo.WeeklyChallenges2023;
				PRODUCT_NAME = "$(TARGET_NAME)";
				SUPPORTED_PLATFORMS = "iphoneos iphonesimulator";
				SUPPORTS_MACCATALYST = NO;
				SUPPORTS_MAC_DESIGNED_FOR_IPHONE_IPAD = NO;
				SWIFT_EMIT_LOC_STRINGS = YES;
				SWIFT_VERSION = 5.0;
				TARGETED_DEVICE_FAMILY = 1;
			};
			name = Release;
		};
		9BBAD4C72CB4F2CC007180ED /* Debug */ = {
			isa = XCBuildConfiguration;
			buildSettings = {
				BUNDLE_LOADER = "$(TEST_HOST)";
				CODE_SIGN_STYLE = Automatic;
				CURRENT_PROJECT_VERSION = 1;
				DEVELOPMENT_TEAM = 499H3YDN7T;
				GENERATE_INFOPLIST_FILE = YES;
				IPHONEOS_DEPLOYMENT_TARGET = 16.4;
				MARKETING_VERSION = 1.0;
				PRODUCT_BUNDLE_IDENTIFIER = saaveguillermo.WeeklyChallenges2023Tests;
				PRODUCT_NAME = "$(TARGET_NAME)";
				SDKROOT = iphoneos;
				SWIFT_EMIT_LOC_STRINGS = NO;
				SWIFT_VERSION = 5.0;
				TARGETED_DEVICE_FAMILY = "1,2";
				TEST_HOST = "$(BUILT_PRODUCTS_DIR)/WeeklyChallenges2023.app/$(BUNDLE_EXECUTABLE_FOLDER_PATH)/WeeklyChallenges2023";
			};
			name = Debug;
		};
		9BBAD4C82CB4F2CC007180ED /* Release */ = {
			isa = XCBuildConfiguration;
			buildSettings = {
				BUNDLE_LOADER = "$(TEST_HOST)";
				CODE_SIGN_STYLE = Automatic;
				CURRENT_PROJECT_VERSION = 1;
				DEVELOPMENT_TEAM = 499H3YDN7T;
				GENERATE_INFOPLIST_FILE = YES;
				IPHONEOS_DEPLOYMENT_TARGET = 16.4;
				MARKETING_VERSION = 1.0;
				PRODUCT_BUNDLE_IDENTIFIER = saaveguillermo.WeeklyChallenges2023Tests;
				PRODUCT_NAME = "$(TARGET_NAME)";
				SDKROOT = iphoneos;
				SWIFT_EMIT_LOC_STRINGS = NO;
				SWIFT_VERSION = 5.0;
				TARGETED_DEVICE_FAMILY = "1,2";
				TEST_HOST = "$(BUILT_PRODUCTS_DIR)/WeeklyChallenges2023.app/$(BUNDLE_EXECUTABLE_FOLDER_PATH)/WeeklyChallenges2023";
				VALIDATE_PRODUCT = YES;
			};
			name = Release;
		};
/* End XCBuildConfiguration section */

/* Begin XCConfigurationList section */
		3A19600F295E4B1600CB283B /* Build configuration list for PBXProject "WeeklyChallenges2023" */ = {
			isa = XCConfigurationList;
			buildConfigurations = (
				3A196021295E4B1900CB283B /* Debug */,
				3A196022295E4B1900CB283B /* Release */,
			);
			defaultConfigurationIsVisible = 0;
			defaultConfigurationName = Release;
		};
		3A196023295E4B1900CB283B /* Build configuration list for PBXNativeTarget "WeeklyChallenges2023" */ = {
			isa = XCConfigurationList;
			buildConfigurations = (
				3A196024295E4B1900CB283B /* Debug */,
				3A196025295E4B1900CB283B /* Release */,
			);
			defaultConfigurationIsVisible = 0;
			defaultConfigurationName = Release;
		};
		9BBAD4C92CB4F2CC007180ED /* Build configuration list for PBXNativeTarget "WeeklyChallenges2023Tests" */ = {
			isa = XCConfigurationList;
			buildConfigurations = (
				9BBAD4C72CB4F2CC007180ED /* Debug */,
				9BBAD4C82CB4F2CC007180ED /* Release */,
			);
			defaultConfigurationIsVisible = 0;
			defaultConfigurationName = Release;
		};
/* End XCConfigurationList section */
	};
	rootObject = 3A19600C295E4B1600CB283B /* Project object */;
}
